
Microsoft Visual Studio Solution File, Format Version 12.00
# Visual Studio 2013
VisualStudioVersion = 12.0.31101.0
MinimumVisualStudioVersion = 10.0.40219.1
Project("{8BC9CEB8-8B4A-11D0-8D11-00A0C91BC942}") = "apr", "..\apr\apr.vcxproj", "{76D77C77-1E73-4C6A-8B96-E3B1479BEDA2}"
EndProject
Project("{8BC9CEB8-8B4A-11D0-8D11-00A0C91BC942}") = "apr_crypto_nss", "crypto\apr_crypto_nss.vcxproj", "{C10FE18E-85CF-4D5A-AE56-AC4982B77A6B}"
EndProject
Project("{8BC9CEB8-8B4A-11D0-8D11-00A0C91BC942}") = "apr_crypto_openssl", "crypto\apr_crypto_openssl.vcxproj", "{5F3E103A-1F24-43D1-9455-02253FC3EB70}"
EndProject
Project("{8BC9CEB8-8B4A-11D0-8D11-00A0C91BC942}") = "apr_dbd_freetds", "dbd\apr_dbd_freetds.vcxproj", "{C4413364-AA67-4E7B-9A45-CF29F3A943EB}"
EndProject
Project("{8BC9CEB8-8B4A-11D0-8D11-00A0C91BC942}") = "apr_dbd_mysql", "dbd\apr_dbd_mysql.vcxproj", "{BB68016D-9478-4309-9525-D73A9B685FD5}"
EndProject
Project("{8BC9CEB8-8B4A-11D0-8D11-00A0C91BC942}") = "apr_dbd_odbc", "dbd\apr_dbd_odbc.vcxproj", "{552AB94D-E912-4406-AD78-12D59F7EE1ED}"
EndProject
Project("{8BC9CEB8-8B4A-11D0-8D11-00A0C91BC942}") = "apr_dbd_oracle", "dbd\apr_dbd_oracle.vcxproj", "{E9FD9383-E7C4-4D2C-A3ED-7DC48DC18D77}"
EndProject
Project("{8BC9CEB8-8B4A-11D0-8D11-00A0C91BC942}") = "apr_dbd_pgsql", "dbd\apr_dbd_pgsql.vcxproj", "{F18929CC-3425-44A5-AA89-76FDC4262069}"
EndProject
Project("{8BC9CEB8-8B4A-11D0-8D11-00A0C91BC942}") = "apr_dbd_sqlite2", "dbd\apr_dbd_sqlite2.vcxproj", "{FEF5DBED-AC6C-4D02-AF28-3F0FCF17643C}"
EndProject
Project("{8BC9CEB8-8B4A-11D0-8D11-00A0C91BC942}") = "apr_dbd_sqlite3", "dbd\apr_dbd_sqlite3.vcxproj", "{85659A25-5904-4F61-8142-904D279CB2CA}"
EndProject
Project("{8BC9CEB8-8B4A-11D0-8D11-00A0C91BC942}") = "apr_dbm_db", "dbm\apr_dbm_db.vcxproj", "{38DBB47D-0CD3-4045-81FB-3D58C13DE733}"
EndProject
Project("{8BC9CEB8-8B4A-11D0-8D11-00A0C91BC942}") = "apr_dbm_gdbm", "dbm\apr_dbm_gdbm.vcxproj", "{2F48EF08-CD53-40A3-8347-7B3605BA810E}"
EndProject
Project("{8BC9CEB8-8B4A-11D0-8D11-00A0C91BC942}") = "apr_ldap", "ldap\apr_ldap.vcxproj", "{929B01E2-0E46-40FA-9788-A94460DB7627}"
EndProject
Project("{8BC9CEB8-8B4A-11D0-8D11-00A0C91BC942}") = "aprapp", "..\apr\build\aprapp.vcxproj", "{02B0DB24-3034-4E9B-A689-F14AA1DDBDF6}"
EndProject
Project("{8BC9CEB8-8B4A-11D0-8D11-00A0C91BC942}") = "apriconv", "..\apr-iconv\apriconv.vcxproj", "{F5814D22-6E25-4BE5-908C-743945542E98}"
EndProject
Project("{8BC9CEB8-8B4A-11D0-8D11-00A0C91BC942}") = "aprutil", "aprutil.vcxproj", "{3D4AD46B-6C9A-4F57-AF4B-8D27B70DA1DB}"
EndProject
Project("{8BC9CEB8-8B4A-11D0-8D11-00A0C91BC942}") = "libapr", "..\apr\libapr.vcxproj", "{D1D181EF-27AB-4631-8E05-F0ED4D959AB0}"
EndProject
Project("{8BC9CEB8-8B4A-11D0-8D11-00A0C91BC942}") = "libaprapp", "..\apr\build\libaprapp.vcxproj", "{ECA5491A-E45D-42C4-B18E-AEBF8DDB341E}"
EndProject
Project("{8BC9CEB8-8B4A-11D0-8D11-00A0C91BC942}") = "libapriconv", "..\apr-iconv\libapriconv.vcxproj", "{E1FDCAF7-E26B-49AF-9469-35C9825FF945}"
EndProject
Project("{8BC9CEB8-8B4A-11D0-8D11-00A0C91BC942}") = "libapriconv_ccs_modules", "..\apr-iconv\ccs\libapriconv_ccs_modules.vcxproj", "{DD3DAE4F-2348-4822-AB2B-DAB03040D2D2}"
EndProject
Project("{8BC9CEB8-8B4A-11D0-8D11-00A0C91BC942}") = "libapriconv_ces_modules", "..\apr-iconv\ces\libapriconv_ces_modules.vcxproj", "{7EB1A3B1-410E-4858-BCA2-58860974AB3D}"
EndProject
Project("{8BC9CEB8-8B4A-11D0-8D11-00A0C91BC942}") = "libaprutil", "libaprutil.vcxproj", "{CDDD5987-0651-4A7B-BCBD-1DCE5BE0F6A6}"
EndProject
Project("{8BC9CEB8-8B4A-11D0-8D11-00A0C91BC942}") = "preaprapp", "..\apr\build\preaprapp.vcxproj", "{AA85B850-48A8-4C5B-870A-53D6966C513E}"
EndProject
Project("{8BC9CEB8-8B4A-11D0-8D11-00A0C91BC942}") = "preapriconv", "..\apr-iconv\build\preapriconv.vcxproj", "{67D20520-5455-424F-9D92-EF2DC3CB8B24}"
EndProject
Project("{8BC9CEB8-8B4A-11D0-8D11-00A0C91BC942}") = "preaprutil", "build\preaprutil.vcxproj", "{BC2AA38A-13B8-4108-9935-F01846E3CB27}"
EndProject
Project("{8BC9CEB8-8B4A-11D0-8D11-00A0C91BC942}") = "prelibaprapp", "..\apr\build\prelibaprapp.vcxproj", "{A7C06F34-3B76-470A-A85F-473070D4848B}"
EndProject
Project("{8BC9CEB8-8B4A-11D0-8D11-00A0C91BC942}") = "xml", "xml\expat\lib\xml.vcxproj", "{8EF240DD-404B-4CCC-8A3E-34B1B6AEFAE4}"
EndProject
Global
	GlobalSection(SolutionConfigurationPlatforms) = preSolution
		Debug|Win32 = Debug|Win32
		Debug|x64 = Debug|x64
		Debug9x|Win32 = Debug9x|Win32
		Debug9x|x64 = Debug9x|x64
		DebugNT|Win32 = DebugNT|Win32
		DebugNT|x64 = DebugNT|x64
		Release|Win32 = Release|Win32
		Release|x64 = Release|x64
		Release9x|Win32 = Release9x|Win32
		Release9x|x64 = Release9x|x64
		ReleaseNT|Win32 = ReleaseNT|Win32
		ReleaseNT|x64 = ReleaseNT|x64
		Template|Win32 = Template|Win32
		Template|x64 = Template|x64
	EndGlobalSection
	GlobalSection(ProjectConfigurationPlatforms) = postSolution
		{76D77C77-1E73-4C6A-8B96-E3B1479BEDA2}.Debug|Win32.ActiveCfg = Debug|Win32
		{76D77C77-1E73-4C6A-8B96-E3B1479BEDA2}.Debug|Win32.Build.0 = Debug|Win32
		{76D77C77-1E73-4C6A-8B96-E3B1479BEDA2}.Debug|x64.ActiveCfg = Debug|x64
		{76D77C77-1E73-4C6A-8B96-E3B1479BEDA2}.Debug|x64.Build.0 = Debug|x64
		{76D77C77-1E73-4C6A-8B96-E3B1479BEDA2}.Debug9x|Win32.ActiveCfg = Debug9x|Win32
		{76D77C77-1E73-4C6A-8B96-E3B1479BEDA2}.Debug9x|Win32.Build.0 = Debug9x|Win32
		{76D77C77-1E73-4C6A-8B96-E3B1479BEDA2}.Debug9x|x64.ActiveCfg = Debug9x|x64
		{76D77C77-1E73-4C6A-8B96-E3B1479BEDA2}.Debug9x|x64.Build.0 = Debug9x|x64
		{76D77C77-1E73-4C6A-8B96-E3B1479BEDA2}.DebugNT|Win32.ActiveCfg = Debug|Win32
		{76D77C77-1E73-4C6A-8B96-E3B1479BEDA2}.DebugNT|Win32.Build.0 = Debug|Win32
		{76D77C77-1E73-4C6A-8B96-E3B1479BEDA2}.DebugNT|x64.ActiveCfg = Debug|x64
		{76D77C77-1E73-4C6A-8B96-E3B1479BEDA2}.DebugNT|x64.Build.0 = Debug|x64
		{76D77C77-1E73-4C6A-8B96-E3B1479BEDA2}.Release|Win32.ActiveCfg = Release|Win32
		{76D77C77-1E73-4C6A-8B96-E3B1479BEDA2}.Release|Win32.Build.0 = Release|Win32
		{76D77C77-1E73-4C6A-8B96-E3B1479BEDA2}.Release|x64.ActiveCfg = Release|x64
		{76D77C77-1E73-4C6A-8B96-E3B1479BEDA2}.Release|x64.Build.0 = Release|x64
		{76D77C77-1E73-4C6A-8B96-E3B1479BEDA2}.Release9x|Win32.ActiveCfg = Release9x|Win32
		{76D77C77-1E73-4C6A-8B96-E3B1479BEDA2}.Release9x|Win32.Build.0 = Release9x|Win32
		{76D77C77-1E73-4C6A-8B96-E3B1479BEDA2}.Release9x|x64.ActiveCfg = Release9x|x64
		{76D77C77-1E73-4C6A-8B96-E3B1479BEDA2}.Release9x|x64.Build.0 = Release9x|x64
		{76D77C77-1E73-4C6A-8B96-E3B1479BEDA2}.ReleaseNT|Win32.ActiveCfg = Release9x|Win32
		{76D77C77-1E73-4C6A-8B96-E3B1479BEDA2}.ReleaseNT|Win32.Build.0 = Release9x|Win32
		{76D77C77-1E73-4C6A-8B96-E3B1479BEDA2}.ReleaseNT|x64.ActiveCfg = Release9x|x64
		{76D77C77-1E73-4C6A-8B96-E3B1479BEDA2}.ReleaseNT|x64.Build.0 = Release9x|x64
		{76D77C77-1E73-4C6A-8B96-E3B1479BEDA2}.Template|Win32.ActiveCfg = Release9x|Win32
		{76D77C77-1E73-4C6A-8B96-E3B1479BEDA2}.Template|Win32.Build.0 = Release9x|Win32
		{76D77C77-1E73-4C6A-8B96-E3B1479BEDA2}.Template|x64.ActiveCfg = Release9x|x64
		{76D77C77-1E73-4C6A-8B96-E3B1479BEDA2}.Template|x64.Build.0 = Release9x|x64
		{C10FE18E-85CF-4D5A-AE56-AC4982B77A6B}.Debug|Win32.ActiveCfg = Debug|Win32
		{C10FE18E-85CF-4D5A-AE56-AC4982B77A6B}.Debug|Win32.Build.0 = Debug|Win32
		{C10FE18E-85CF-4D5A-AE56-AC4982B77A6B}.Debug|x64.ActiveCfg = Debug|x64
		{C10FE18E-85CF-4D5A-AE56-AC4982B77A6B}.Debug|x64.Build.0 = Debug|x64
		{C10FE18E-85CF-4D5A-AE56-AC4982B77A6B}.Debug9x|Win32.ActiveCfg = Debug|Win32
		{C10FE18E-85CF-4D5A-AE56-AC4982B77A6B}.Debug9x|Win32.Build.0 = Debug|Win32
		{C10FE18E-85CF-4D5A-AE56-AC4982B77A6B}.Debug9x|x64.ActiveCfg = Debug|x64
		{C10FE18E-85CF-4D5A-AE56-AC4982B77A6B}.Debug9x|x64.Build.0 = Debug|x64
		{C10FE18E-85CF-4D5A-AE56-AC4982B77A6B}.DebugNT|Win32.ActiveCfg = Debug|Win32
		{C10FE18E-85CF-4D5A-AE56-AC4982B77A6B}.DebugNT|Win32.Build.0 = Debug|Win32
		{C10FE18E-85CF-4D5A-AE56-AC4982B77A6B}.DebugNT|x64.ActiveCfg = Debug|x64
		{C10FE18E-85CF-4D5A-AE56-AC4982B77A6B}.DebugNT|x64.Build.0 = Debug|x64
		{C10FE18E-85CF-4D5A-AE56-AC4982B77A6B}.Release|Win32.ActiveCfg = Release|Win32
		{C10FE18E-85CF-4D5A-AE56-AC4982B77A6B}.Release|Win32.Build.0 = Release|Win32
		{C10FE18E-85CF-4D5A-AE56-AC4982B77A6B}.Release|x64.ActiveCfg = Release|x64
		{C10FE18E-85CF-4D5A-AE56-AC4982B77A6B}.Release|x64.Build.0 = Release|x64
		{C10FE18E-85CF-4D5A-AE56-AC4982B77A6B}.Release9x|Win32.ActiveCfg = Release|Win32
		{C10FE18E-85CF-4D5A-AE56-AC4982B77A6B}.Release9x|Win32.Build.0 = Release|Win32
		{C10FE18E-85CF-4D5A-AE56-AC4982B77A6B}.Release9x|x64.ActiveCfg = Release|x64
		{C10FE18E-85CF-4D5A-AE56-AC4982B77A6B}.Release9x|x64.Build.0 = Release|x64
		{C10FE18E-85CF-4D5A-AE56-AC4982B77A6B}.ReleaseNT|Win32.ActiveCfg = Release|Win32
		{C10FE18E-85CF-4D5A-AE56-AC4982B77A6B}.ReleaseNT|Win32.Build.0 = Release|Win32
		{C10FE18E-85CF-4D5A-AE56-AC4982B77A6B}.ReleaseNT|x64.ActiveCfg = Release|x64
		{C10FE18E-85CF-4D5A-AE56-AC4982B77A6B}.ReleaseNT|x64.Build.0 = Release|x64
		{C10FE18E-85CF-4D5A-AE56-AC4982B77A6B}.Template|Win32.ActiveCfg = Template|Win32
		{C10FE18E-85CF-4D5A-AE56-AC4982B77A6B}.Template|Win32.Build.0 = Template|Win32
		{C10FE18E-85CF-4D5A-AE56-AC4982B77A6B}.Template|x64.ActiveCfg = Template|x64
		{C10FE18E-85CF-4D5A-AE56-AC4982B77A6B}.Template|x64.Build.0 = Template|x64
		{5F3E103A-1F24-43D1-9455-02253FC3EB70}.Debug|Win32.ActiveCfg = Debug|Win32
		{5F3E103A-1F24-43D1-9455-02253FC3EB70}.Debug|Win32.Build.0 = Debug|Win32
		{5F3E103A-1F24-43D1-9455-02253FC3EB70}.Debug|x64.ActiveCfg = Debug|x64
		{5F3E103A-1F24-43D1-9455-02253FC3EB70}.Debug|x64.Build.0 = Debug|x64
		{5F3E103A-1F24-43D1-9455-02253FC3EB70}.Debug9x|Win32.ActiveCfg = Debug|Win32
		{5F3E103A-1F24-43D1-9455-02253FC3EB70}.Debug9x|Win32.Build.0 = Debug|Win32
		{5F3E103A-1F24-43D1-9455-02253FC3EB70}.Debug9x|x64.ActiveCfg = Debug|x64
		{5F3E103A-1F24-43D1-9455-02253FC3EB70}.Debug9x|x64.Build.0 = Debug|x64
		{5F3E103A-1F24-43D1-9455-02253FC3EB70}.DebugNT|Win32.ActiveCfg = Debug|Win32
		{5F3E103A-1F24-43D1-9455-02253FC3EB70}.DebugNT|Win32.Build.0 = Debug|Win32
		{5F3E103A-1F24-43D1-9455-02253FC3EB70}.DebugNT|x64.ActiveCfg = Debug|x64
		{5F3E103A-1F24-43D1-9455-02253FC3EB70}.DebugNT|x64.Build.0 = Debug|x64
		{5F3E103A-1F24-43D1-9455-02253FC3EB70}.Release|Win32.ActiveCfg = Release|Win32
		{5F3E103A-1F24-43D1-9455-02253FC3EB70}.Release|Win32.Build.0 = Release|Win32
		{5F3E103A-1F24-43D1-9455-02253FC3EB70}.Release|x64.ActiveCfg = Release|x64
		{5F3E103A-1F24-43D1-9455-02253FC3EB70}.Release|x64.Build.0 = Release|x64
		{5F3E103A-1F24-43D1-9455-02253FC3EB70}.Release9x|Win32.ActiveCfg = Release|Win32
		{5F3E103A-1F24-43D1-9455-02253FC3EB70}.Release9x|Win32.Build.0 = Release|Win32
		{5F3E103A-1F24-43D1-9455-02253FC3EB70}.Release9x|x64.ActiveCfg = Release|x64
		{5F3E103A-1F24-43D1-9455-02253FC3EB70}.Release9x|x64.Build.0 = Release|x64
		{5F3E103A-1F24-43D1-9455-02253FC3EB70}.ReleaseNT|Win32.ActiveCfg = Release|Win32
		{5F3E103A-1F24-43D1-9455-02253FC3EB70}.ReleaseNT|Win32.Build.0 = Release|Win32
		{5F3E103A-1F24-43D1-9455-02253FC3EB70}.ReleaseNT|x64.ActiveCfg = Release|x64
		{5F3E103A-1F24-43D1-9455-02253FC3EB70}.ReleaseNT|x64.Build.0 = Release|x64
		{5F3E103A-1F24-43D1-9455-02253FC3EB70}.Template|Win32.ActiveCfg = Template|Win32
		{5F3E103A-1F24-43D1-9455-02253FC3EB70}.Template|Win32.Build.0 = Template|Win32
		{5F3E103A-1F24-43D1-9455-02253FC3EB70}.Template|x64.ActiveCfg = Template|x64
		{5F3E103A-1F24-43D1-9455-02253FC3EB70}.Template|x64.Build.0 = Template|x64
		{C4413364-AA67-4E7B-9A45-CF29F3A943EB}.Debug|Win32.ActiveCfg = Debug|Win32
		{C4413364-AA67-4E7B-9A45-CF29F3A943EB}.Debug|Win32.Build.0 = Debug|Win32
		{C4413364-AA67-4E7B-9A45-CF29F3A943EB}.Debug|x64.ActiveCfg = Debug|x64
		{C4413364-AA67-4E7B-9A45-CF29F3A943EB}.Debug|x64.Build.0 = Debug|x64
		{C4413364-AA67-4E7B-9A45-CF29F3A943EB}.Debug9x|Win32.ActiveCfg = Debug|Win32
		{C4413364-AA67-4E7B-9A45-CF29F3A943EB}.Debug9x|Win32.Build.0 = Debug|Win32
		{C4413364-AA67-4E7B-9A45-CF29F3A943EB}.Debug9x|x64.ActiveCfg = Debug|x64
		{C4413364-AA67-4E7B-9A45-CF29F3A943EB}.Debug9x|x64.Build.0 = Debug|x64
		{C4413364-AA67-4E7B-9A45-CF29F3A943EB}.DebugNT|Win32.ActiveCfg = Debug|Win32
		{C4413364-AA67-4E7B-9A45-CF29F3A943EB}.DebugNT|Win32.Build.0 = Debug|Win32
		{C4413364-AA67-4E7B-9A45-CF29F3A943EB}.DebugNT|x64.ActiveCfg = Debug|x64
		{C4413364-AA67-4E7B-9A45-CF29F3A943EB}.DebugNT|x64.Build.0 = Debug|x64
		{C4413364-AA67-4E7B-9A45-CF29F3A943EB}.Release|Win32.ActiveCfg = Release|Win32
		{C4413364-AA67-4E7B-9A45-CF29F3A943EB}.Release|Win32.Build.0 = Release|Win32
		{C4413364-AA67-4E7B-9A45-CF29F3A943EB}.Release|x64.ActiveCfg = Release|x64
		{C4413364-AA67-4E7B-9A45-CF29F3A943EB}.Release|x64.Build.0 = Release|x64
		{C4413364-AA67-4E7B-9A45-CF29F3A943EB}.Release9x|Win32.ActiveCfg = Release|Win32
		{C4413364-AA67-4E7B-9A45-CF29F3A943EB}.Release9x|Win32.Build.0 = Release|Win32
		{C4413364-AA67-4E7B-9A45-CF29F3A943EB}.Release9x|x64.ActiveCfg = Release|x64
		{C4413364-AA67-4E7B-9A45-CF29F3A943EB}.Release9x|x64.Build.0 = Release|x64
		{C4413364-AA67-4E7B-9A45-CF29F3A943EB}.ReleaseNT|Win32.ActiveCfg = Release|Win32
		{C4413364-AA67-4E7B-9A45-CF29F3A943EB}.ReleaseNT|Win32.Build.0 = Release|Win32
		{C4413364-AA67-4E7B-9A45-CF29F3A943EB}.ReleaseNT|x64.ActiveCfg = Release|x64
		{C4413364-AA67-4E7B-9A45-CF29F3A943EB}.ReleaseNT|x64.Build.0 = Release|x64
		{C4413364-AA67-4E7B-9A45-CF29F3A943EB}.Template|Win32.ActiveCfg = Template|Win32
		{C4413364-AA67-4E7B-9A45-CF29F3A943EB}.Template|Win32.Build.0 = Template|Win32
		{C4413364-AA67-4E7B-9A45-CF29F3A943EB}.Template|x64.ActiveCfg = Template|x64
		{C4413364-AA67-4E7B-9A45-CF29F3A943EB}.Template|x64.Build.0 = Template|x64
		{BB68016D-9478-4309-9525-D73A9B685FD5}.Debug|Win32.ActiveCfg = Debug|Win32
		{BB68016D-9478-4309-9525-D73A9B685FD5}.Debug|Win32.Build.0 = Debug|Win32
		{BB68016D-9478-4309-9525-D73A9B685FD5}.Debug|x64.ActiveCfg = Debug|x64
		{BB68016D-9478-4309-9525-D73A9B685FD5}.Debug|x64.Build.0 = Debug|x64
		{BB68016D-9478-4309-9525-D73A9B685FD5}.Debug9x|Win32.ActiveCfg = Debug|Win32
		{BB68016D-9478-4309-9525-D73A9B685FD5}.Debug9x|Win32.Build.0 = Debug|Win32
		{BB68016D-9478-4309-9525-D73A9B685FD5}.Debug9x|x64.ActiveCfg = Debug|x64
		{BB68016D-9478-4309-9525-D73A9B685FD5}.Debug9x|x64.Build.0 = Debug|x64
		{BB68016D-9478-4309-9525-D73A9B685FD5}.DebugNT|Win32.ActiveCfg = Debug|Win32
		{BB68016D-9478-4309-9525-D73A9B685FD5}.DebugNT|Win32.Build.0 = Debug|Win32
		{BB68016D-9478-4309-9525-D73A9B685FD5}.DebugNT|x64.ActiveCfg = Debug|x64
		{BB68016D-9478-4309-9525-D73A9B685FD5}.DebugNT|x64.Build.0 = Debug|x64
		{BB68016D-9478-4309-9525-D73A9B685FD5}.Release|Win32.ActiveCfg = Release|Win32
		{BB68016D-9478-4309-9525-D73A9B685FD5}.Release|Win32.Build.0 = Release|Win32
		{BB68016D-9478-4309-9525-D73A9B685FD5}.Release|x64.ActiveCfg = Release|x64
		{BB68016D-9478-4309-9525-D73A9B685FD5}.Release|x64.Build.0 = Release|x64
		{BB68016D-9478-4309-9525-D73A9B685FD5}.Release9x|Win32.ActiveCfg = Release|Win32
		{BB68016D-9478-4309-9525-D73A9B685FD5}.Release9x|Win32.Build.0 = Release|Win32
		{BB68016D-9478-4309-9525-D73A9B685FD5}.Release9x|x64.ActiveCfg = Release|x64
		{BB68016D-9478-4309-9525-D73A9B685FD5}.Release9x|x64.Build.0 = Release|x64
		{BB68016D-9478-4309-9525-D73A9B685FD5}.ReleaseNT|Win32.ActiveCfg = Release|Win32
		{BB68016D-9478-4309-9525-D73A9B685FD5}.ReleaseNT|Win32.Build.0 = Release|Win32
		{BB68016D-9478-4309-9525-D73A9B685FD5}.ReleaseNT|x64.ActiveCfg = Release|x64
		{BB68016D-9478-4309-9525-D73A9B685FD5}.ReleaseNT|x64.Build.0 = Release|x64
		{BB68016D-9478-4309-9525-D73A9B685FD5}.Template|Win32.ActiveCfg = Template|Win32
		{BB68016D-9478-4309-9525-D73A9B685FD5}.Template|Win32.Build.0 = Template|Win32
		{BB68016D-9478-4309-9525-D73A9B685FD5}.Template|x64.ActiveCfg = Template|x64
		{BB68016D-9478-4309-9525-D73A9B685FD5}.Template|x64.Build.0 = Template|x64
		{552AB94D-E912-4406-AD78-12D59F7EE1ED}.Debug|Win32.ActiveCfg = Debug|Win32
		{552AB94D-E912-4406-AD78-12D59F7EE1ED}.Debug|Win32.Build.0 = Debug|Win32
		{552AB94D-E912-4406-AD78-12D59F7EE1ED}.Debug|x64.ActiveCfg = Debug|x64
		{552AB94D-E912-4406-AD78-12D59F7EE1ED}.Debug|x64.Build.0 = Debug|x64
		{552AB94D-E912-4406-AD78-12D59F7EE1ED}.Debug9x|Win32.ActiveCfg = Debug|Win32
		{552AB94D-E912-4406-AD78-12D59F7EE1ED}.Debug9x|Win32.Build.0 = Debug|Win32
		{552AB94D-E912-4406-AD78-12D59F7EE1ED}.Debug9x|x64.ActiveCfg = Debug|x64
		{552AB94D-E912-4406-AD78-12D59F7EE1ED}.Debug9x|x64.Build.0 = Debug|x64
		{552AB94D-E912-4406-AD78-12D59F7EE1ED}.DebugNT|Win32.ActiveCfg = Debug|Win32
		{552AB94D-E912-4406-AD78-12D59F7EE1ED}.DebugNT|Win32.Build.0 = Debug|Win32
		{552AB94D-E912-4406-AD78-12D59F7EE1ED}.DebugNT|x64.ActiveCfg = Debug|x64
		{552AB94D-E912-4406-AD78-12D59F7EE1ED}.DebugNT|x64.Build.0 = Debug|x64
		{552AB94D-E912-4406-AD78-12D59F7EE1ED}.Release|Win32.ActiveCfg = Release|Win32
		{552AB94D-E912-4406-AD78-12D59F7EE1ED}.Release|Win32.Build.0 = Release|Win32
		{552AB94D-E912-4406-AD78-12D59F7EE1ED}.Release|x64.ActiveCfg = Release|x64
		{552AB94D-E912-4406-AD78-12D59F7EE1ED}.Release|x64.Build.0 = Release|x64
		{552AB94D-E912-4406-AD78-12D59F7EE1ED}.Release9x|Win32.ActiveCfg = Release|Win32
		{552AB94D-E912-4406-AD78-12D59F7EE1ED}.Release9x|Win32.Build.0 = Release|Win32
		{552AB94D-E912-4406-AD78-12D59F7EE1ED}.Release9x|x64.ActiveCfg = Release|x64
		{552AB94D-E912-4406-AD78-12D59F7EE1ED}.Release9x|x64.Build.0 = Release|x64
		{552AB94D-E912-4406-AD78-12D59F7EE1ED}.ReleaseNT|Win32.ActiveCfg = Release|Win32
		{552AB94D-E912-4406-AD78-12D59F7EE1ED}.ReleaseNT|Win32.Build.0 = Release|Win32
		{552AB94D-E912-4406-AD78-12D59F7EE1ED}.ReleaseNT|x64.ActiveCfg = Release|x64
		{552AB94D-E912-4406-AD78-12D59F7EE1ED}.ReleaseNT|x64.Build.0 = Release|x64
		{552AB94D-E912-4406-AD78-12D59F7EE1ED}.Template|Win32.ActiveCfg = Template|Win32
		{552AB94D-E912-4406-AD78-12D59F7EE1ED}.Template|Win32.Build.0 = Template|Win32
		{552AB94D-E912-4406-AD78-12D59F7EE1ED}.Template|x64.ActiveCfg = Template|x64
		{552AB94D-E912-4406-AD78-12D59F7EE1ED}.Template|x64.Build.0 = Template|x64
		{E9FD9383-E7C4-4D2C-A3ED-7DC48DC18D77}.Debug|Win32.ActiveCfg = Debug|Win32
		{E9FD9383-E7C4-4D2C-A3ED-7DC48DC18D77}.Debug|Win32.Build.0 = Debug|Win32
		{E9FD9383-E7C4-4D2C-A3ED-7DC48DC18D77}.Debug|x64.ActiveCfg = Debug|x64
		{E9FD9383-E7C4-4D2C-A3ED-7DC48DC18D77}.Debug|x64.Build.0 = Debug|x64
		{E9FD9383-E7C4-4D2C-A3ED-7DC48DC18D77}.Debug9x|Win32.ActiveCfg = Debug|Win32
		{E9FD9383-E7C4-4D2C-A3ED-7DC48DC18D77}.Debug9x|Win32.Build.0 = Debug|Win32
		{E9FD9383-E7C4-4D2C-A3ED-7DC48DC18D77}.Debug9x|x64.ActiveCfg = Debug|x64
		{E9FD9383-E7C4-4D2C-A3ED-7DC48DC18D77}.Debug9x|x64.Build.0 = Debug|x64
		{E9FD9383-E7C4-4D2C-A3ED-7DC48DC18D77}.DebugNT|Win32.ActiveCfg = Debug|Win32
		{E9FD9383-E7C4-4D2C-A3ED-7DC48DC18D77}.DebugNT|Win32.Build.0 = Debug|Win32
		{E9FD9383-E7C4-4D2C-A3ED-7DC48DC18D77}.DebugNT|x64.ActiveCfg = Debug|x64
		{E9FD9383-E7C4-4D2C-A3ED-7DC48DC18D77}.DebugNT|x64.Build.0 = Debug|x64
		{E9FD9383-E7C4-4D2C-A3ED-7DC48DC18D77}.Release|Win32.ActiveCfg = Release|Win32
		{E9FD9383-E7C4-4D2C-A3ED-7DC48DC18D77}.Release|Win32.Build.0 = Release|Win32
		{E9FD9383-E7C4-4D2C-A3ED-7DC48DC18D77}.Release|x64.ActiveCfg = Release|x64
		{E9FD9383-E7C4-4D2C-A3ED-7DC48DC18D77}.Release|x64.Build.0 = Release|x64
		{E9FD9383-E7C4-4D2C-A3ED-7DC48DC18D77}.Release9x|Win32.ActiveCfg = Release|Win32
		{E9FD9383-E7C4-4D2C-A3ED-7DC48DC18D77}.Release9x|Win32.Build.0 = Release|Win32
		{E9FD9383-E7C4-4D2C-A3ED-7DC48DC18D77}.Release9x|x64.ActiveCfg = Release|x64
		{E9FD9383-E7C4-4D2C-A3ED-7DC48DC18D77}.Release9x|x64.Build.0 = Release|x64
		{E9FD9383-E7C4-4D2C-A3ED-7DC48DC18D77}.ReleaseNT|Win32.ActiveCfg = Release|Win32
		{E9FD9383-E7C4-4D2C-A3ED-7DC48DC18D77}.ReleaseNT|Win32.Build.0 = Release|Win32
		{E9FD9383-E7C4-4D2C-A3ED-7DC48DC18D77}.ReleaseNT|x64.ActiveCfg = Release|x64
		{E9FD9383-E7C4-4D2C-A3ED-7DC48DC18D77}.ReleaseNT|x64.Build.0 = Release|x64
		{E9FD9383-E7C4-4D2C-A3ED-7DC48DC18D77}.Template|Win32.ActiveCfg = Template|Win32
		{E9FD9383-E7C4-4D2C-A3ED-7DC48DC18D77}.Template|Win32.Build.0 = Template|Win32
		{E9FD9383-E7C4-4D2C-A3ED-7DC48DC18D77}.Template|x64.ActiveCfg = Template|x64
		{E9FD9383-E7C4-4D2C-A3ED-7DC48DC18D77}.Template|x64.Build.0 = Template|x64
		{F18929CC-3425-44A5-AA89-76FDC4262069}.Debug|Win32.ActiveCfg = Debug|Win32
		{F18929CC-3425-44A5-AA89-76FDC4262069}.Debug|Win32.Build.0 = Debug|Win32
		{F18929CC-3425-44A5-AA89-76FDC4262069}.Debug|x64.ActiveCfg = Debug|x64
		{F18929CC-3425-44A5-AA89-76FDC4262069}.Debug|x64.Build.0 = Debug|x64
		{F18929CC-3425-44A5-AA89-76FDC4262069}.Debug9x|Win32.ActiveCfg = Debug|Win32
		{F18929CC-3425-44A5-AA89-76FDC4262069}.Debug9x|Win32.Build.0 = Debug|Win32
		{F18929CC-3425-44A5-AA89-76FDC4262069}.Debug9x|x64.ActiveCfg = Debug|x64
		{F18929CC-3425-44A5-AA89-76FDC4262069}.Debug9x|x64.Build.0 = Debug|x64
		{F18929CC-3425-44A5-AA89-76FDC4262069}.DebugNT|Win32.ActiveCfg = Debug|Win32
		{F18929CC-3425-44A5-AA89-76FDC4262069}.DebugNT|Win32.Build.0 = Debug|Win32
		{F18929CC-3425-44A5-AA89-76FDC4262069}.DebugNT|x64.ActiveCfg = Debug|x64
		{F18929CC-3425-44A5-AA89-76FDC4262069}.DebugNT|x64.Build.0 = Debug|x64
		{F18929CC-3425-44A5-AA89-76FDC4262069}.Release|Win32.ActiveCfg = Release|Win32
		{F18929CC-3425-44A5-AA89-76FDC4262069}.Release|Win32.Build.0 = Release|Win32
		{F18929CC-3425-44A5-AA89-76FDC4262069}.Release|x64.ActiveCfg = Release|x64
		{F18929CC-3425-44A5-AA89-76FDC4262069}.Release|x64.Build.0 = Release|x64
		{F18929CC-3425-44A5-AA89-76FDC4262069}.Release9x|Win32.ActiveCfg = Release|Win32
		{F18929CC-3425-44A5-AA89-76FDC4262069}.Release9x|Win32.Build.0 = Release|Win32
		{F18929CC-3425-44A5-AA89-76FDC4262069}.Release9x|x64.ActiveCfg = Release|x64
		{F18929CC-3425-44A5-AA89-76FDC4262069}.Release9x|x64.Build.0 = Release|x64
		{F18929CC-3425-44A5-AA89-76FDC4262069}.ReleaseNT|Win32.ActiveCfg = Release|Win32
		{F18929CC-3425-44A5-AA89-76FDC4262069}.ReleaseNT|Win32.Build.0 = Release|Win32
		{F18929CC-3425-44A5-AA89-76FDC4262069}.ReleaseNT|x64.ActiveCfg = Release|x64
		{F18929CC-3425-44A5-AA89-76FDC4262069}.ReleaseNT|x64.Build.0 = Release|x64
		{F18929CC-3425-44A5-AA89-76FDC4262069}.Template|Win32.ActiveCfg = Template|Win32
		{F18929CC-3425-44A5-AA89-76FDC4262069}.Template|Win32.Build.0 = Template|Win32
		{F18929CC-3425-44A5-AA89-76FDC4262069}.Template|x64.ActiveCfg = Template|x64
		{F18929CC-3425-44A5-AA89-76FDC4262069}.Template|x64.Build.0 = Template|x64
		{FEF5DBED-AC6C-4D02-AF28-3F0FCF17643C}.Debug|Win32.ActiveCfg = Debug|Win32
		{FEF5DBED-AC6C-4D02-AF28-3F0FCF17643C}.Debug|Win32.Build.0 = Debug|Win32
		{FEF5DBED-AC6C-4D02-AF28-3F0FCF17643C}.Debug|x64.ActiveCfg = Debug|x64
		{FEF5DBED-AC6C-4D02-AF28-3F0FCF17643C}.Debug|x64.Build.0 = Debug|x64
		{FEF5DBED-AC6C-4D02-AF28-3F0FCF17643C}.Debug9x|Win32.ActiveCfg = Debug|Win32
		{FEF5DBED-AC6C-4D02-AF28-3F0FCF17643C}.Debug9x|Win32.Build.0 = Debug|Win32
		{FEF5DBED-AC6C-4D02-AF28-3F0FCF17643C}.Debug9x|x64.ActiveCfg = Debug|x64
		{FEF5DBED-AC6C-4D02-AF28-3F0FCF17643C}.Debug9x|x64.Build.0 = Debug|x64
		{FEF5DBED-AC6C-4D02-AF28-3F0FCF17643C}.DebugNT|Win32.ActiveCfg = Debug|Win32
		{FEF5DBED-AC6C-4D02-AF28-3F0FCF17643C}.DebugNT|Win32.Build.0 = Debug|Win32
		{FEF5DBED-AC6C-4D02-AF28-3F0FCF17643C}.DebugNT|x64.ActiveCfg = Debug|x64
		{FEF5DBED-AC6C-4D02-AF28-3F0FCF17643C}.DebugNT|x64.Build.0 = Debug|x64
		{FEF5DBED-AC6C-4D02-AF28-3F0FCF17643C}.Release|Win32.ActiveCfg = Release|Win32
		{FEF5DBED-AC6C-4D02-AF28-3F0FCF17643C}.Release|Win32.Build.0 = Release|Win32
		{FEF5DBED-AC6C-4D02-AF28-3F0FCF17643C}.Release|x64.ActiveCfg = Release|x64
		{FEF5DBED-AC6C-4D02-AF28-3F0FCF17643C}.Release|x64.Build.0 = Release|x64
		{FEF5DBED-AC6C-4D02-AF28-3F0FCF17643C}.Release9x|Win32.ActiveCfg = Release|Win32
		{FEF5DBED-AC6C-4D02-AF28-3F0FCF17643C}.Release9x|Win32.Build.0 = Release|Win32
		{FEF5DBED-AC6C-4D02-AF28-3F0FCF17643C}.Release9x|x64.ActiveCfg = Release|x64
		{FEF5DBED-AC6C-4D02-AF28-3F0FCF17643C}.Release9x|x64.Build.0 = Release|x64
		{FEF5DBED-AC6C-4D02-AF28-3F0FCF17643C}.ReleaseNT|Win32.ActiveCfg = Release|Win32
		{FEF5DBED-AC6C-4D02-AF28-3F0FCF17643C}.ReleaseNT|Win32.Build.0 = Release|Win32
		{FEF5DBED-AC6C-4D02-AF28-3F0FCF17643C}.ReleaseNT|x64.ActiveCfg = Release|x64
		{FEF5DBED-AC6C-4D02-AF28-3F0FCF17643C}.ReleaseNT|x64.Build.0 = Release|x64
		{FEF5DBED-AC6C-4D02-AF28-3F0FCF17643C}.Template|Win32.ActiveCfg = Template|Win32
		{FEF5DBED-AC6C-4D02-AF28-3F0FCF17643C}.Template|Win32.Build.0 = Template|Win32
		{FEF5DBED-AC6C-4D02-AF28-3F0FCF17643C}.Template|x64.ActiveCfg = Template|x64
		{FEF5DBED-AC6C-4D02-AF28-3F0FCF17643C}.Template|x64.Build.0 = Template|x64
		{85659A25-5904-4F61-8142-904D279CB2CA}.Debug|Win32.ActiveCfg = Debug|Win32
		{85659A25-5904-4F61-8142-904D279CB2CA}.Debug|Win32.Build.0 = Debug|Win32
		{85659A25-5904-4F61-8142-904D279CB2CA}.Debug|x64.ActiveCfg = Debug|x64
		{85659A25-5904-4F61-8142-904D279CB2CA}.Debug|x64.Build.0 = Debug|x64
		{85659A25-5904-4F61-8142-904D279CB2CA}.Debug9x|Win32.ActiveCfg = Debug|Win32
		{85659A25-5904-4F61-8142-904D279CB2CA}.Debug9x|Win32.Build.0 = Debug|Win32
		{85659A25-5904-4F61-8142-904D279CB2CA}.Debug9x|x64.ActiveCfg = Debug|x64
		{85659A25-5904-4F61-8142-904D279CB2CA}.Debug9x|x64.Build.0 = Debug|x64
		{85659A25-5904-4F61-8142-904D279CB2CA}.DebugNT|Win32.ActiveCfg = Debug|Win32
		{85659A25-5904-4F61-8142-904D279CB2CA}.DebugNT|Win32.Build.0 = Debug|Win32
		{85659A25-5904-4F61-8142-904D279CB2CA}.DebugNT|x64.ActiveCfg = Debug|x64
		{85659A25-5904-4F61-8142-904D279CB2CA}.DebugNT|x64.Build.0 = Debug|x64
		{85659A25-5904-4F61-8142-904D279CB2CA}.Release|Win32.ActiveCfg = Release|Win32
		{85659A25-5904-4F61-8142-904D279CB2CA}.Release|Win32.Build.0 = Release|Win32
		{85659A25-5904-4F61-8142-904D279CB2CA}.Release|x64.ActiveCfg = Release|x64
		{85659A25-5904-4F61-8142-904D279CB2CA}.Release|x64.Build.0 = Release|x64
		{85659A25-5904-4F61-8142-904D279CB2CA}.Release9x|Win32.ActiveCfg = Release|Win32
		{85659A25-5904-4F61-8142-904D279CB2CA}.Release9x|Win32.Build.0 = Release|Win32
		{85659A25-5904-4F61-8142-904D279CB2CA}.Release9x|x64.ActiveCfg = Release|x64
		{85659A25-5904-4F61-8142-904D279CB2CA}.Release9x|x64.Build.0 = Release|x64
		{85659A25-5904-4F61-8142-904D279CB2CA}.ReleaseNT|Win32.ActiveCfg = Release|Win32
		{85659A25-5904-4F61-8142-904D279CB2CA}.ReleaseNT|Win32.Build.0 = Release|Win32
		{85659A25-5904-4F61-8142-904D279CB2CA}.ReleaseNT|x64.ActiveCfg = Release|x64
		{85659A25-5904-4F61-8142-904D279CB2CA}.ReleaseNT|x64.Build.0 = Release|x64
		{85659A25-5904-4F61-8142-904D279CB2CA}.Template|Win32.ActiveCfg = Template|Win32
		{85659A25-5904-4F61-8142-904D279CB2CA}.Template|Win32.Build.0 = Template|Win32
		{85659A25-5904-4F61-8142-904D279CB2CA}.Template|x64.ActiveCfg = Template|x64
		{85659A25-5904-4F61-8142-904D279CB2CA}.Template|x64.Build.0 = Template|x64
		{38DBB47D-0CD3-4045-81FB-3D58C13DE733}.Debug|Win32.ActiveCfg = Debug|Win32
		{38DBB47D-0CD3-4045-81FB-3D58C13DE733}.Debug|Win32.Build.0 = Debug|Win32
		{38DBB47D-0CD3-4045-81FB-3D58C13DE733}.Debug|x64.ActiveCfg = Debug|x64
		{38DBB47D-0CD3-4045-81FB-3D58C13DE733}.Debug|x64.Build.0 = Debug|x64
		{38DBB47D-0CD3-4045-81FB-3D58C13DE733}.Debug9x|Win32.ActiveCfg = Debug|Win32
		{38DBB47D-0CD3-4045-81FB-3D58C13DE733}.Debug9x|Win32.Build.0 = Debug|Win32
		{38DBB47D-0CD3-4045-81FB-3D58C13DE733}.Debug9x|x64.ActiveCfg = Debug|x64
		{38DBB47D-0CD3-4045-81FB-3D58C13DE733}.Debug9x|x64.Build.0 = Debug|x64
		{38DBB47D-0CD3-4045-81FB-3D58C13DE733}.DebugNT|Win32.ActiveCfg = Debug|Win32
		{38DBB47D-0CD3-4045-81FB-3D58C13DE733}.DebugNT|Win32.Build.0 = Debug|Win32
		{38DBB47D-0CD3-4045-81FB-3D58C13DE733}.DebugNT|x64.ActiveCfg = Debug|x64
		{38DBB47D-0CD3-4045-81FB-3D58C13DE733}.DebugNT|x64.Build.0 = Debug|x64
		{38DBB47D-0CD3-4045-81FB-3D58C13DE733}.Release|Win32.ActiveCfg = Release|Win32
		{38DBB47D-0CD3-4045-81FB-3D58C13DE733}.Release|Win32.Build.0 = Release|Win32
		{38DBB47D-0CD3-4045-81FB-3D58C13DE733}.Release|x64.ActiveCfg = Release|x64
		{38DBB47D-0CD3-4045-81FB-3D58C13DE733}.Release|x64.Build.0 = Release|x64
		{38DBB47D-0CD3-4045-81FB-3D58C13DE733}.Release9x|Win32.ActiveCfg = Release|Win32
		{38DBB47D-0CD3-4045-81FB-3D58C13DE733}.Release9x|Win32.Build.0 = Release|Win32
		{38DBB47D-0CD3-4045-81FB-3D58C13DE733}.Release9x|x64.ActiveCfg = Release|x64
		{38DBB47D-0CD3-4045-81FB-3D58C13DE733}.Release9x|x64.Build.0 = Release|x64
		{38DBB47D-0CD3-4045-81FB-3D58C13DE733}.ReleaseNT|Win32.ActiveCfg = Release|Win32
		{38DBB47D-0CD3-4045-81FB-3D58C13DE733}.ReleaseNT|Win32.Build.0 = Release|Win32
		{38DBB47D-0CD3-4045-81FB-3D58C13DE733}.ReleaseNT|x64.ActiveCfg = Release|x64
		{38DBB47D-0CD3-4045-81FB-3D58C13DE733}.ReleaseNT|x64.Build.0 = Release|x64
		{38DBB47D-0CD3-4045-81FB-3D58C13DE733}.Template|Win32.ActiveCfg = Template|Win32
		{38DBB47D-0CD3-4045-81FB-3D58C13DE733}.Template|Win32.Build.0 = Template|Win32
		{38DBB47D-0CD3-4045-81FB-3D58C13DE733}.Template|x64.ActiveCfg = Template|x64
		{38DBB47D-0CD3-4045-81FB-3D58C13DE733}.Template|x64.Build.0 = Template|x64
		{2F48EF08-CD53-40A3-8347-7B3605BA810E}.Debug|Win32.ActiveCfg = Debug|Win32
		{2F48EF08-CD53-40A3-8347-7B3605BA810E}.Debug|Win32.Build.0 = Debug|Win32
		{2F48EF08-CD53-40A3-8347-7B3605BA810E}.Debug|x64.ActiveCfg = Debug|x64
		{2F48EF08-CD53-40A3-8347-7B3605BA810E}.Debug|x64.Build.0 = Debug|x64
		{2F48EF08-CD53-40A3-8347-7B3605BA810E}.Debug9x|Win32.ActiveCfg = Debug|Win32
		{2F48EF08-CD53-40A3-8347-7B3605BA810E}.Debug9x|Win32.Build.0 = Debug|Win32
		{2F48EF08-CD53-40A3-8347-7B3605BA810E}.Debug9x|x64.ActiveCfg = Debug|x64
		{2F48EF08-CD53-40A3-8347-7B3605BA810E}.Debug9x|x64.Build.0 = Debug|x64
		{2F48EF08-CD53-40A3-8347-7B3605BA810E}.DebugNT|Win32.ActiveCfg = Debug|Win32
		{2F48EF08-CD53-40A3-8347-7B3605BA810E}.DebugNT|Win32.Build.0 = Debug|Win32
		{2F48EF08-CD53-40A3-8347-7B3605BA810E}.DebugNT|x64.ActiveCfg = Debug|x64
		{2F48EF08-CD53-40A3-8347-7B3605BA810E}.DebugNT|x64.Build.0 = Debug|x64
		{2F48EF08-CD53-40A3-8347-7B3605BA810E}.Release|Win32.ActiveCfg = Release|Win32
		{2F48EF08-CD53-40A3-8347-7B3605BA810E}.Release|Win32.Build.0 = Release|Win32
		{2F48EF08-CD53-40A3-8347-7B3605BA810E}.Release|x64.ActiveCfg = Release|x64
		{2F48EF08-CD53-40A3-8347-7B3605BA810E}.Release|x64.Build.0 = Release|x64
		{2F48EF08-CD53-40A3-8347-7B3605BA810E}.Release9x|Win32.ActiveCfg = Release|Win32
		{2F48EF08-CD53-40A3-8347-7B3605BA810E}.Release9x|Win32.Build.0 = Release|Win32
		{2F48EF08-CD53-40A3-8347-7B3605BA810E}.Release9x|x64.ActiveCfg = Release|x64
		{2F48EF08-CD53-40A3-8347-7B3605BA810E}.Release9x|x64.Build.0 = Release|x64
		{2F48EF08-CD53-40A3-8347-7B3605BA810E}.ReleaseNT|Win32.ActiveCfg = Release|Win32
		{2F48EF08-CD53-40A3-8347-7B3605BA810E}.ReleaseNT|Win32.Build.0 = Release|Win32
		{2F48EF08-CD53-40A3-8347-7B3605BA810E}.ReleaseNT|x64.ActiveCfg = Release|x64
		{2F48EF08-CD53-40A3-8347-7B3605BA810E}.ReleaseNT|x64.Build.0 = Release|x64
		{2F48EF08-CD53-40A3-8347-7B3605BA810E}.Template|Win32.ActiveCfg = Template|Win32
		{2F48EF08-CD53-40A3-8347-7B3605BA810E}.Template|Win32.Build.0 = Template|Win32
		{2F48EF08-CD53-40A3-8347-7B3605BA810E}.Template|x64.ActiveCfg = Template|x64
		{2F48EF08-CD53-40A3-8347-7B3605BA810E}.Template|x64.Build.0 = Template|x64
		{929B01E2-0E46-40FA-9788-A94460DB7627}.Debug|Win32.ActiveCfg = Debug|Win32
		{929B01E2-0E46-40FA-9788-A94460DB7627}.Debug|Win32.Build.0 = Debug|Win32
		{929B01E2-0E46-40FA-9788-A94460DB7627}.Debug|x64.ActiveCfg = Debug|x64
		{929B01E2-0E46-40FA-9788-A94460DB7627}.Debug|x64.Build.0 = Debug|x64
		{929B01E2-0E46-40FA-9788-A94460DB7627}.Debug9x|Win32.ActiveCfg = Debug|Win32
		{929B01E2-0E46-40FA-9788-A94460DB7627}.Debug9x|Win32.Build.0 = Debug|Win32
		{929B01E2-0E46-40FA-9788-A94460DB7627}.Debug9x|x64.ActiveCfg = Debug|x64
		{929B01E2-0E46-40FA-9788-A94460DB7627}.Debug9x|x64.Build.0 = Debug|x64
		{929B01E2-0E46-40FA-9788-A94460DB7627}.DebugNT|Win32.ActiveCfg = Debug|Win32
		{929B01E2-0E46-40FA-9788-A94460DB7627}.DebugNT|Win32.Build.0 = Debug|Win32
		{929B01E2-0E46-40FA-9788-A94460DB7627}.DebugNT|x64.ActiveCfg = Debug|x64
		{929B01E2-0E46-40FA-9788-A94460DB7627}.DebugNT|x64.Build.0 = Debug|x64
		{929B01E2-0E46-40FA-9788-A94460DB7627}.Release|Win32.ActiveCfg = Release|Win32
		{929B01E2-0E46-40FA-9788-A94460DB7627}.Release|Win32.Build.0 = Release|Win32
		{929B01E2-0E46-40FA-9788-A94460DB7627}.Release|x64.ActiveCfg = Release|x64
		{929B01E2-0E46-40FA-9788-A94460DB7627}.Release|x64.Build.0 = Release|x64
		{929B01E2-0E46-40FA-9788-A94460DB7627}.Release9x|Win32.ActiveCfg = Release|Win32
		{929B01E2-0E46-40FA-9788-A94460DB7627}.Release9x|Win32.Build.0 = Release|Win32
		{929B01E2-0E46-40FA-9788-A94460DB7627}.Release9x|x64.ActiveCfg = Release|x64
		{929B01E2-0E46-40FA-9788-A94460DB7627}.Release9x|x64.Build.0 = Release|x64
		{929B01E2-0E46-40FA-9788-A94460DB7627}.ReleaseNT|Win32.ActiveCfg = Release|Win32
		{929B01E2-0E46-40FA-9788-A94460DB7627}.ReleaseNT|Win32.Build.0 = Release|Win32
		{929B01E2-0E46-40FA-9788-A94460DB7627}.ReleaseNT|x64.ActiveCfg = Release|x64
		{929B01E2-0E46-40FA-9788-A94460DB7627}.ReleaseNT|x64.Build.0 = Release|x64
		{929B01E2-0E46-40FA-9788-A94460DB7627}.Template|Win32.ActiveCfg = Template|Win32
		{929B01E2-0E46-40FA-9788-A94460DB7627}.Template|Win32.Build.0 = Template|Win32
		{929B01E2-0E46-40FA-9788-A94460DB7627}.Template|x64.ActiveCfg = Template|x64
		{929B01E2-0E46-40FA-9788-A94460DB7627}.Template|x64.Build.0 = Template|x64
		{02B0DB24-3034-4E9B-A689-F14AA1DDBDF6}.Debug|Win32.ActiveCfg = Debug|Win32
		{02B0DB24-3034-4E9B-A689-F14AA1DDBDF6}.Debug|Win32.Build.0 = Debug|Win32
		{02B0DB24-3034-4E9B-A689-F14AA1DDBDF6}.Debug|x64.ActiveCfg = Debug|x64
		{02B0DB24-3034-4E9B-A689-F14AA1DDBDF6}.Debug|x64.Build.0 = Debug|x64
		{02B0DB24-3034-4E9B-A689-F14AA1DDBDF6}.Debug9x|Win32.ActiveCfg = Debug9x|Win32
		{02B0DB24-3034-4E9B-A689-F14AA1DDBDF6}.Debug9x|Win32.Build.0 = Debug9x|Win32
		{02B0DB24-3034-4E9B-A689-F14AA1DDBDF6}.Debug9x|x64.ActiveCfg = Debug9x|x64
		{02B0DB24-3034-4E9B-A689-F14AA1DDBDF6}.Debug9x|x64.Build.0 = Debug9x|x64
		{02B0DB24-3034-4E9B-A689-F14AA1DDBDF6}.DebugNT|Win32.ActiveCfg = Debug|Win32
		{02B0DB24-3034-4E9B-A689-F14AA1DDBDF6}.DebugNT|Win32.Build.0 = Debug|Win32
		{02B0DB24-3034-4E9B-A689-F14AA1DDBDF6}.DebugNT|x64.ActiveCfg = Debug|x64
		{02B0DB24-3034-4E9B-A689-F14AA1DDBDF6}.DebugNT|x64.Build.0 = Debug|x64
		{02B0DB24-3034-4E9B-A689-F14AA1DDBDF6}.Release|Win32.ActiveCfg = Release|Win32
		{02B0DB24-3034-4E9B-A689-F14AA1DDBDF6}.Release|Win32.Build.0 = Release|Win32
		{02B0DB24-3034-4E9B-A689-F14AA1DDBDF6}.Release|x64.ActiveCfg = Release|x64
		{02B0DB24-3034-4E9B-A689-F14AA1DDBDF6}.Release|x64.Build.0 = Release|x64
		{02B0DB24-3034-4E9B-A689-F14AA1DDBDF6}.Release9x|Win32.ActiveCfg = Release9x|Win32
		{02B0DB24-3034-4E9B-A689-F14AA1DDBDF6}.Release9x|Win32.Build.0 = Release9x|Win32
		{02B0DB24-3034-4E9B-A689-F14AA1DDBDF6}.Release9x|x64.ActiveCfg = Release9x|x64
		{02B0DB24-3034-4E9B-A689-F14AA1DDBDF6}.Release9x|x64.Build.0 = Release9x|x64
		{02B0DB24-3034-4E9B-A689-F14AA1DDBDF6}.ReleaseNT|Win32.ActiveCfg = Release9x|Win32
		{02B0DB24-3034-4E9B-A689-F14AA1DDBDF6}.ReleaseNT|Win32.Build.0 = Release9x|Win32
		{02B0DB24-3034-4E9B-A689-F14AA1DDBDF6}.ReleaseNT|x64.ActiveCfg = Release9x|x64
		{02B0DB24-3034-4E9B-A689-F14AA1DDBDF6}.ReleaseNT|x64.Build.0 = Release9x|x64
		{02B0DB24-3034-4E9B-A689-F14AA1DDBDF6}.Template|Win32.ActiveCfg = Template|Win32
		{02B0DB24-3034-4E9B-A689-F14AA1DDBDF6}.Template|Win32.Build.0 = Template|Win32
		{02B0DB24-3034-4E9B-A689-F14AA1DDBDF6}.Template|x64.ActiveCfg = Template|x64
		{02B0DB24-3034-4E9B-A689-F14AA1DDBDF6}.Template|x64.Build.0 = Template|x64
		{F5814D22-6E25-4BE5-908C-743945542E98}.Debug|Win32.ActiveCfg = Debug|Win32
		{F5814D22-6E25-4BE5-908C-743945542E98}.Debug|Win32.Build.0 = Debug|Win32
		{F5814D22-6E25-4BE5-908C-743945542E98}.Debug|x64.ActiveCfg = Debug|x64
		{F5814D22-6E25-4BE5-908C-743945542E98}.Debug|x64.Build.0 = Debug|x64
		{F5814D22-6E25-4BE5-908C-743945542E98}.Debug9x|Win32.ActiveCfg = Debug|Win32
		{F5814D22-6E25-4BE5-908C-743945542E98}.Debug9x|Win32.Build.0 = Debug|Win32
		{F5814D22-6E25-4BE5-908C-743945542E98}.Debug9x|x64.ActiveCfg = Debug|x64
		{F5814D22-6E25-4BE5-908C-743945542E98}.Debug9x|x64.Build.0 = Debug|x64
		{F5814D22-6E25-4BE5-908C-743945542E98}.DebugNT|Win32.ActiveCfg = Debug|Win32
		{F5814D22-6E25-4BE5-908C-743945542E98}.DebugNT|Win32.Build.0 = Debug|Win32
		{F5814D22-6E25-4BE5-908C-743945542E98}.DebugNT|x64.ActiveCfg = Debug|x64
		{F5814D22-6E25-4BE5-908C-743945542E98}.DebugNT|x64.Build.0 = Debug|x64
		{F5814D22-6E25-4BE5-908C-743945542E98}.Release|Win32.ActiveCfg = Release|Win32
		{F5814D22-6E25-4BE5-908C-743945542E98}.Release|Win32.Build.0 = Release|Win32
		{F5814D22-6E25-4BE5-908C-743945542E98}.Release|x64.ActiveCfg = Release|x64
		{F5814D22-6E25-4BE5-908C-743945542E98}.Release|x64.Build.0 = Release|x64
		{F5814D22-6E25-4BE5-908C-743945542E98}.Release9x|Win32.ActiveCfg = Release|Win32
		{F5814D22-6E25-4BE5-908C-743945542E98}.Release9x|Win32.Build.0 = Release|Win32
		{F5814D22-6E25-4BE5-908C-743945542E98}.Release9x|x64.ActiveCfg = Release|x64
		{F5814D22-6E25-4BE5-908C-743945542E98}.Release9x|x64.Build.0 = Release|x64
		{F5814D22-6E25-4BE5-908C-743945542E98}.ReleaseNT|Win32.ActiveCfg = Release|Win32
		{F5814D22-6E25-4BE5-908C-743945542E98}.ReleaseNT|Win32.Build.0 = Release|Win32
		{F5814D22-6E25-4BE5-908C-743945542E98}.ReleaseNT|x64.ActiveCfg = Release|x64
		{F5814D22-6E25-4BE5-908C-743945542E98}.ReleaseNT|x64.Build.0 = Release|x64
		{F5814D22-6E25-4BE5-908C-743945542E98}.Template|Win32.ActiveCfg = Template|Win32
		{F5814D22-6E25-4BE5-908C-743945542E98}.Template|Win32.Build.0 = Template|Win32
		{F5814D22-6E25-4BE5-908C-743945542E98}.Template|x64.ActiveCfg = Template|x64
		{F5814D22-6E25-4BE5-908C-743945542E98}.Template|x64.Build.0 = Template|x64
		{3D4AD46B-6C9A-4F57-AF4B-8D27B70DA1DB}.Debug|Win32.ActiveCfg = Debug|Win32
		{3D4AD46B-6C9A-4F57-AF4B-8D27B70DA1DB}.Debug|Win32.Build.0 = Debug|Win32
		{3D4AD46B-6C9A-4F57-AF4B-8D27B70DA1DB}.Debug|x64.ActiveCfg = Debug|x64
		{3D4AD46B-6C9A-4F57-AF4B-8D27B70DA1DB}.Debug|x64.Build.0 = Debug|x64
		{3D4AD46B-6C9A-4F57-AF4B-8D27B70DA1DB}.Debug9x|Win32.ActiveCfg = Debug|Win32
		{3D4AD46B-6C9A-4F57-AF4B-8D27B70DA1DB}.Debug9x|Win32.Build.0 = Debug|Win32
		{3D4AD46B-6C9A-4F57-AF4B-8D27B70DA1DB}.Debug9x|x64.ActiveCfg = Debug|x64
		{3D4AD46B-6C9A-4F57-AF4B-8D27B70DA1DB}.Debug9x|x64.Build.0 = Debug|x64
		{3D4AD46B-6C9A-4F57-AF4B-8D27B70DA1DB}.DebugNT|Win32.ActiveCfg = Debug|Win32
		{3D4AD46B-6C9A-4F57-AF4B-8D27B70DA1DB}.DebugNT|Win32.Build.0 = Debug|Win32
		{3D4AD46B-6C9A-4F57-AF4B-8D27B70DA1DB}.DebugNT|x64.ActiveCfg = Debug|x64
		{3D4AD46B-6C9A-4F57-AF4B-8D27B70DA1DB}.DebugNT|x64.Build.0 = Debug|x64
		{3D4AD46B-6C9A-4F57-AF4B-8D27B70DA1DB}.Release|Win32.ActiveCfg = Release|Win32
		{3D4AD46B-6C9A-4F57-AF4B-8D27B70DA1DB}.Release|Win32.Build.0 = Release|Win32
		{3D4AD46B-6C9A-4F57-AF4B-8D27B70DA1DB}.Release|x64.ActiveCfg = Release|x64
		{3D4AD46B-6C9A-4F57-AF4B-8D27B70DA1DB}.Release|x64.Build.0 = Release|x64
		{3D4AD46B-6C9A-4F57-AF4B-8D27B70DA1DB}.Release9x|Win32.ActiveCfg = Release|Win32
		{3D4AD46B-6C9A-4F57-AF4B-8D27B70DA1DB}.Release9x|Win32.Build.0 = Release|Win32
		{3D4AD46B-6C9A-4F57-AF4B-8D27B70DA1DB}.Release9x|x64.ActiveCfg = Release|x64
		{3D4AD46B-6C9A-4F57-AF4B-8D27B70DA1DB}.Release9x|x64.Build.0 = Release|x64
		{3D4AD46B-6C9A-4F57-AF4B-8D27B70DA1DB}.ReleaseNT|Win32.ActiveCfg = Release|Win32
		{3D4AD46B-6C9A-4F57-AF4B-8D27B70DA1DB}.ReleaseNT|Win32.Build.0 = Release|Win32
		{3D4AD46B-6C9A-4F57-AF4B-8D27B70DA1DB}.ReleaseNT|x64.ActiveCfg = Release|x64
		{3D4AD46B-6C9A-4F57-AF4B-8D27B70DA1DB}.ReleaseNT|x64.Build.0 = Release|x64
		{3D4AD46B-6C9A-4F57-AF4B-8D27B70DA1DB}.Template|Win32.ActiveCfg = Template|Win32
		{3D4AD46B-6C9A-4F57-AF4B-8D27B70DA1DB}.Template|Win32.Build.0 = Template|Win32
		{3D4AD46B-6C9A-4F57-AF4B-8D27B70DA1DB}.Template|x64.ActiveCfg = Template|x64
		{3D4AD46B-6C9A-4F57-AF4B-8D27B70DA1DB}.Template|x64.Build.0 = Template|x64
		{D1D181EF-27AB-4631-8E05-F0ED4D959AB0}.Debug|Win32.ActiveCfg = Debug|Win32
		{D1D181EF-27AB-4631-8E05-F0ED4D959AB0}.Debug|Win32.Build.0 = Debug|Win32
		{D1D181EF-27AB-4631-8E05-F0ED4D959AB0}.Debug|x64.ActiveCfg = Debug|x64
		{D1D181EF-27AB-4631-8E05-F0ED4D959AB0}.Debug|x64.Build.0 = Debug|x64
		{D1D181EF-27AB-4631-8E05-F0ED4D959AB0}.Debug9x|Win32.ActiveCfg = Debug9x|Win32
		{D1D181EF-27AB-4631-8E05-F0ED4D959AB0}.Debug9x|Win32.Build.0 = Debug9x|Win32
		{D1D181EF-27AB-4631-8E05-F0ED4D959AB0}.Debug9x|x64.ActiveCfg = Debug9x|x64
		{D1D181EF-27AB-4631-8E05-F0ED4D959AB0}.Debug9x|x64.Build.0 = Debug9x|x64
		{D1D181EF-27AB-4631-8E05-F0ED4D959AB0}.DebugNT|Win32.ActiveCfg = Debug|Win32
		{D1D181EF-27AB-4631-8E05-F0ED4D959AB0}.DebugNT|Win32.Build.0 = Debug|Win32
		{D1D181EF-27AB-4631-8E05-F0ED4D959AB0}.DebugNT|x64.ActiveCfg = Debug|x64
		{D1D181EF-27AB-4631-8E05-F0ED4D959AB0}.DebugNT|x64.Build.0 = Debug|x64
		{D1D181EF-27AB-4631-8E05-F0ED4D959AB0}.Release|Win32.ActiveCfg = Release|Win32
		{D1D181EF-27AB-4631-8E05-F0ED4D959AB0}.Release|Win32.Build.0 = Release|Win32
		{D1D181EF-27AB-4631-8E05-F0ED4D959AB0}.Release|x64.ActiveCfg = Release|x64
		{D1D181EF-27AB-4631-8E05-F0ED4D959AB0}.Release|x64.Build.0 = Release|x64
		{D1D181EF-27AB-4631-8E05-F0ED4D959AB0}.Release9x|Win32.ActiveCfg = Release9x|Win32
		{D1D181EF-27AB-4631-8E05-F0ED4D959AB0}.Release9x|Win32.Build.0 = Release9x|Win32
		{D1D181EF-27AB-4631-8E05-F0ED4D959AB0}.Release9x|x64.ActiveCfg = Release9x|x64
		{D1D181EF-27AB-4631-8E05-F0ED4D959AB0}.Release9x|x64.Build.0 = Release9x|x64
		{D1D181EF-27AB-4631-8E05-F0ED4D959AB0}.ReleaseNT|Win32.ActiveCfg = Release9x|Win32
		{D1D181EF-27AB-4631-8E05-F0ED4D959AB0}.ReleaseNT|Win32.Build.0 = Release9x|Win32
		{D1D181EF-27AB-4631-8E05-F0ED4D959AB0}.ReleaseNT|x64.ActiveCfg = Release9x|x64
		{D1D181EF-27AB-4631-8E05-F0ED4D959AB0}.ReleaseNT|x64.Build.0 = Release9x|x64
		{D1D181EF-27AB-4631-8E05-F0ED4D959AB0}.Template|Win32.ActiveCfg = Template|Win32
		{D1D181EF-27AB-4631-8E05-F0ED4D959AB0}.Template|Win32.Build.0 = Template|Win32
		{D1D181EF-27AB-4631-8E05-F0ED4D959AB0}.Template|x64.ActiveCfg = Template|x64
		{D1D181EF-27AB-4631-8E05-F0ED4D959AB0}.Template|x64.Build.0 = Template|x64
		{ECA5491A-E45D-42C4-B18E-AEBF8DDB341E}.Debug|Win32.ActiveCfg = Debug|Win32
		{ECA5491A-E45D-42C4-B18E-AEBF8DDB341E}.Debug|Win32.Build.0 = Debug|Win32
		{ECA5491A-E45D-42C4-B18E-AEBF8DDB341E}.Debug|x64.ActiveCfg = Debug|x64
		{ECA5491A-E45D-42C4-B18E-AEBF8DDB341E}.Debug|x64.Build.0 = Debug|x64
		{ECA5491A-E45D-42C4-B18E-AEBF8DDB341E}.Debug9x|Win32.ActiveCfg = Debug9x|Win32
		{ECA5491A-E45D-42C4-B18E-AEBF8DDB341E}.Debug9x|Win32.Build.0 = Debug9x|Win32
		{ECA5491A-E45D-42C4-B18E-AEBF8DDB341E}.Debug9x|x64.ActiveCfg = Debug9x|x64
		{ECA5491A-E45D-42C4-B18E-AEBF8DDB341E}.Debug9x|x64.Build.0 = Debug9x|x64
		{ECA5491A-E45D-42C4-B18E-AEBF8DDB341E}.DebugNT|Win32.ActiveCfg = Debug|Win32
		{ECA5491A-E45D-42C4-B18E-AEBF8DDB341E}.DebugNT|Win32.Build.0 = Debug|Win32
		{ECA5491A-E45D-42C4-B18E-AEBF8DDB341E}.DebugNT|x64.ActiveCfg = Debug|x64
		{ECA5491A-E45D-42C4-B18E-AEBF8DDB341E}.DebugNT|x64.Build.0 = Debug|x64
		{ECA5491A-E45D-42C4-B18E-AEBF8DDB341E}.Release|Win32.ActiveCfg = Release|Win32
		{ECA5491A-E45D-42C4-B18E-AEBF8DDB341E}.Release|Win32.Build.0 = Release|Win32
		{ECA5491A-E45D-42C4-B18E-AEBF8DDB341E}.Release|x64.ActiveCfg = Release|x64
		{ECA5491A-E45D-42C4-B18E-AEBF8DDB341E}.Release|x64.Build.0 = Release|x64
		{ECA5491A-E45D-42C4-B18E-AEBF8DDB341E}.Release9x|Win32.ActiveCfg = Release9x|Win32
		{ECA5491A-E45D-42C4-B18E-AEBF8DDB341E}.Release9x|Win32.Build.0 = Release9x|Win32
		{ECA5491A-E45D-42C4-B18E-AEBF8DDB341E}.Release9x|x64.ActiveCfg = Release9x|x64
		{ECA5491A-E45D-42C4-B18E-AEBF8DDB341E}.Release9x|x64.Build.0 = Release9x|x64
		{ECA5491A-E45D-42C4-B18E-AEBF8DDB341E}.ReleaseNT|Win32.ActiveCfg = Release9x|Win32
		{ECA5491A-E45D-42C4-B18E-AEBF8DDB341E}.ReleaseNT|Win32.Build.0 = Release9x|Win32
		{ECA5491A-E45D-42C4-B18E-AEBF8DDB341E}.ReleaseNT|x64.ActiveCfg = Release9x|x64
		{ECA5491A-E45D-42C4-B18E-AEBF8DDB341E}.ReleaseNT|x64.Build.0 = Release9x|x64
		{ECA5491A-E45D-42C4-B18E-AEBF8DDB341E}.Template|Win32.ActiveCfg = Template|Win32
		{ECA5491A-E45D-42C4-B18E-AEBF8DDB341E}.Template|Win32.Build.0 = Template|Win32
		{ECA5491A-E45D-42C4-B18E-AEBF8DDB341E}.Template|x64.ActiveCfg = Template|x64
		{ECA5491A-E45D-42C4-B18E-AEBF8DDB341E}.Template|x64.Build.0 = Template|x64
		{E1FDCAF7-E26B-49AF-9469-35C9825FF945}.Debug|Win32.ActiveCfg = Debug|Win32
		{E1FDCAF7-E26B-49AF-9469-35C9825FF945}.Debug|Win32.Build.0 = Debug|Win32
		{E1FDCAF7-E26B-49AF-9469-35C9825FF945}.Debug|x64.ActiveCfg = Debug|x64
		{E1FDCAF7-E26B-49AF-9469-35C9825FF945}.Debug|x64.Build.0 = Debug|x64
		{E1FDCAF7-E26B-49AF-9469-35C9825FF945}.Debug9x|Win32.ActiveCfg = Debug|Win32
		{E1FDCAF7-E26B-49AF-9469-35C9825FF945}.Debug9x|Win32.Build.0 = Debug|Win32
		{E1FDCAF7-E26B-49AF-9469-35C9825FF945}.Debug9x|x64.ActiveCfg = Debug|x64
		{E1FDCAF7-E26B-49AF-9469-35C9825FF945}.Debug9x|x64.Build.0 = Debug|x64
		{E1FDCAF7-E26B-49AF-9469-35C9825FF945}.DebugNT|Win32.ActiveCfg = Debug|Win32
		{E1FDCAF7-E26B-49AF-9469-35C9825FF945}.DebugNT|Win32.Build.0 = Debug|Win32
		{E1FDCAF7-E26B-49AF-9469-35C9825FF945}.DebugNT|x64.ActiveCfg = Debug|x64
		{E1FDCAF7-E26B-49AF-9469-35C9825FF945}.DebugNT|x64.Build.0 = Debug|x64
		{E1FDCAF7-E26B-49AF-9469-35C9825FF945}.Release|Win32.ActiveCfg = Release|Win32
		{E1FDCAF7-E26B-49AF-9469-35C9825FF945}.Release|Win32.Build.0 = Release|Win32
		{E1FDCAF7-E26B-49AF-9469-35C9825FF945}.Release|x64.ActiveCfg = Release|x64
		{E1FDCAF7-E26B-49AF-9469-35C9825FF945}.Release|x64.Build.0 = Release|x64
		{E1FDCAF7-E26B-49AF-9469-35C9825FF945}.Release9x|Win32.ActiveCfg = Release|Win32
		{E1FDCAF7-E26B-49AF-9469-35C9825FF945}.Release9x|Win32.Build.0 = Release|Win32
		{E1FDCAF7-E26B-49AF-9469-35C9825FF945}.Release9x|x64.ActiveCfg = Release|x64
		{E1FDCAF7-E26B-49AF-9469-35C9825FF945}.Release9x|x64.Build.0 = Release|x64
		{E1FDCAF7-E26B-49AF-9469-35C9825FF945}.ReleaseNT|Win32.ActiveCfg = Release|Win32
		{E1FDCAF7-E26B-49AF-9469-35C9825FF945}.ReleaseNT|Win32.Build.0 = Release|Win32
		{E1FDCAF7-E26B-49AF-9469-35C9825FF945}.ReleaseNT|x64.ActiveCfg = Release|x64
		{E1FDCAF7-E26B-49AF-9469-35C9825FF945}.ReleaseNT|x64.Build.0 = Release|x64
		{E1FDCAF7-E26B-49AF-9469-35C9825FF945}.Template|Win32.ActiveCfg = Template|Win32
		{E1FDCAF7-E26B-49AF-9469-35C9825FF945}.Template|Win32.Build.0 = Template|Win32
		{E1FDCAF7-E26B-49AF-9469-35C9825FF945}.Template|x64.ActiveCfg = Template|x64
		{E1FDCAF7-E26B-49AF-9469-35C9825FF945}.Template|x64.Build.0 = Template|x64
		{DD3DAE4F-2348-4822-AB2B-DAB03040D2D2}.Debug|Win32.ActiveCfg = Debug|Win32
		{DD3DAE4F-2348-4822-AB2B-DAB03040D2D2}.Debug|Win32.Build.0 = Debug|Win32
		{DD3DAE4F-2348-4822-AB2B-DAB03040D2D2}.Debug|x64.ActiveCfg = Debug|x64
		{DD3DAE4F-2348-4822-AB2B-DAB03040D2D2}.Debug|x64.Build.0 = Debug|x64
		{DD3DAE4F-2348-4822-AB2B-DAB03040D2D2}.Debug9x|Win32.ActiveCfg = Debug9x|Win32
		{DD3DAE4F-2348-4822-AB2B-DAB03040D2D2}.Debug9x|Win32.Build.0 = Debug9x|Win32
		{DD3DAE4F-2348-4822-AB2B-DAB03040D2D2}.Debug9x|x64.ActiveCfg = Debug9x|x64
		{DD3DAE4F-2348-4822-AB2B-DAB03040D2D2}.Debug9x|x64.Build.0 = Debug9x|x64
		{DD3DAE4F-2348-4822-AB2B-DAB03040D2D2}.DebugNT|Win32.ActiveCfg = DebugNT|Win32
		{DD3DAE4F-2348-4822-AB2B-DAB03040D2D2}.DebugNT|Win32.Build.0 = DebugNT|Win32
		{DD3DAE4F-2348-4822-AB2B-DAB03040D2D2}.DebugNT|x64.ActiveCfg = DebugNT|x64
		{DD3DAE4F-2348-4822-AB2B-DAB03040D2D2}.DebugNT|x64.Build.0 = DebugNT|x64
		{DD3DAE4F-2348-4822-AB2B-DAB03040D2D2}.Release|Win32.ActiveCfg = Release|Win32
		{DD3DAE4F-2348-4822-AB2B-DAB03040D2D2}.Release|Win32.Build.0 = Release|Win32
		{DD3DAE4F-2348-4822-AB2B-DAB03040D2D2}.Release|x64.ActiveCfg = Release|x64
		{DD3DAE4F-2348-4822-AB2B-DAB03040D2D2}.Release|x64.Build.0 = Release|x64
		{DD3DAE4F-2348-4822-AB2B-DAB03040D2D2}.Release9x|Win32.ActiveCfg = Release9x|Win32
		{DD3DAE4F-2348-4822-AB2B-DAB03040D2D2}.Release9x|Win32.Build.0 = Release9x|Win32
		{DD3DAE4F-2348-4822-AB2B-DAB03040D2D2}.Release9x|x64.ActiveCfg = Release9x|x64
		{DD3DAE4F-2348-4822-AB2B-DAB03040D2D2}.Release9x|x64.Build.0 = Release9x|x64
		{DD3DAE4F-2348-4822-AB2B-DAB03040D2D2}.ReleaseNT|Win32.ActiveCfg = ReleaseNT|Win32
		{DD3DAE4F-2348-4822-AB2B-DAB03040D2D2}.ReleaseNT|Win32.Build.0 = ReleaseNT|Win32
		{DD3DAE4F-2348-4822-AB2B-DAB03040D2D2}.ReleaseNT|x64.ActiveCfg = ReleaseNT|x64
		{DD3DAE4F-2348-4822-AB2B-DAB03040D2D2}.ReleaseNT|x64.Build.0 = ReleaseNT|x64
		{DD3DAE4F-2348-4822-AB2B-DAB03040D2D2}.Template|Win32.ActiveCfg = Template|Win32
		{DD3DAE4F-2348-4822-AB2B-DAB03040D2D2}.Template|Win32.Build.0 = Template|Win32
		{DD3DAE4F-2348-4822-AB2B-DAB03040D2D2}.Template|x64.ActiveCfg = Template|x64
		{DD3DAE4F-2348-4822-AB2B-DAB03040D2D2}.Template|x64.Build.0 = Template|x64
		{7EB1A3B1-410E-4858-BCA2-58860974AB3D}.Debug|Win32.ActiveCfg = Debug|Win32
		{7EB1A3B1-410E-4858-BCA2-58860974AB3D}.Debug|Win32.Build.0 = Debug|Win32
		{7EB1A3B1-410E-4858-BCA2-58860974AB3D}.Debug|x64.ActiveCfg = Debug|x64
		{7EB1A3B1-410E-4858-BCA2-58860974AB3D}.Debug|x64.Build.0 = Debug|x64
		{7EB1A3B1-410E-4858-BCA2-58860974AB3D}.Debug9x|Win32.ActiveCfg = Debug9x|Win32
		{7EB1A3B1-410E-4858-BCA2-58860974AB3D}.Debug9x|Win32.Build.0 = Debug9x|Win32
		{7EB1A3B1-410E-4858-BCA2-58860974AB3D}.Debug9x|x64.ActiveCfg = Debug9x|x64
		{7EB1A3B1-410E-4858-BCA2-58860974AB3D}.Debug9x|x64.Build.0 = Debug9x|x64
		{7EB1A3B1-410E-4858-BCA2-58860974AB3D}.DebugNT|Win32.ActiveCfg = DebugNT|Win32
		{7EB1A3B1-410E-4858-BCA2-58860974AB3D}.DebugNT|Win32.Build.0 = DebugNT|Win32
		{7EB1A3B1-410E-4858-BCA2-58860974AB3D}.DebugNT|x64.ActiveCfg = DebugNT|x64
		{7EB1A3B1-410E-4858-BCA2-58860974AB3D}.DebugNT|x64.Build.0 = DebugNT|x64
		{7EB1A3B1-410E-4858-BCA2-58860974AB3D}.Release|Win32.ActiveCfg = Release|Win32
		{7EB1A3B1-410E-4858-BCA2-58860974AB3D}.Release|Win32.Build.0 = Release|Win32
		{7EB1A3B1-410E-4858-BCA2-58860974AB3D}.Release|x64.ActiveCfg = Release|x64
		{7EB1A3B1-410E-4858-BCA2-58860974AB3D}.Release|x64.Build.0 = Release|x64
		{7EB1A3B1-410E-4858-BCA2-58860974AB3D}.Release9x|Win32.ActiveCfg = Release9x|Win32
		{7EB1A3B1-410E-4858-BCA2-58860974AB3D}.Release9x|Win32.Build.0 = Release9x|Win32
		{7EB1A3B1-410E-4858-BCA2-58860974AB3D}.Release9x|x64.ActiveCfg = Release9x|x64
		{7EB1A3B1-410E-4858-BCA2-58860974AB3D}.Release9x|x64.Build.0 = Release9x|x64
		{7EB1A3B1-410E-4858-BCA2-58860974AB3D}.ReleaseNT|Win32.ActiveCfg = ReleaseNT|Win32
		{7EB1A3B1-410E-4858-BCA2-58860974AB3D}.ReleaseNT|Win32.Build.0 = ReleaseNT|Win32
		{7EB1A3B1-410E-4858-BCA2-58860974AB3D}.ReleaseNT|x64.ActiveCfg = ReleaseNT|x64
		{7EB1A3B1-410E-4858-BCA2-58860974AB3D}.ReleaseNT|x64.Build.0 = ReleaseNT|x64
		{7EB1A3B1-410E-4858-BCA2-58860974AB3D}.Template|Win32.ActiveCfg = Template|Win32
		{7EB1A3B1-410E-4858-BCA2-58860974AB3D}.Template|Win32.Build.0 = Template|Win32
		{7EB1A3B1-410E-4858-BCA2-58860974AB3D}.Template|x64.ActiveCfg = Template|x64
		{7EB1A3B1-410E-4858-BCA2-58860974AB3D}.Template|x64.Build.0 = Template|x64
		{CDDD5987-0651-4A7B-BCBD-1DCE5BE0F6A6}.Debug|Win32.ActiveCfg = Debug|Win32
		{CDDD5987-0651-4A7B-BCBD-1DCE5BE0F6A6}.Debug|Win32.Build.0 = Debug|Win32
		{CDDD5987-0651-4A7B-BCBD-1DCE5BE0F6A6}.Debug|x64.ActiveCfg = Debug|x64
		{CDDD5987-0651-4A7B-BCBD-1DCE5BE0F6A6}.Debug|x64.Build.0 = Debug|x64
		{CDDD5987-0651-4A7B-BCBD-1DCE5BE0F6A6}.Debug9x|Win32.ActiveCfg = Debug|Win32
		{CDDD5987-0651-4A7B-BCBD-1DCE5BE0F6A6}.Debug9x|Win32.Build.0 = Debug|Win32
		{CDDD5987-0651-4A7B-BCBD-1DCE5BE0F6A6}.Debug9x|x64.ActiveCfg = Debug|x64
		{CDDD5987-0651-4A7B-BCBD-1DCE5BE0F6A6}.Debug9x|x64.Build.0 = Debug|x64
		{CDDD5987-0651-4A7B-BCBD-1DCE5BE0F6A6}.DebugNT|Win32.ActiveCfg = Debug|Win32
		{CDDD5987-0651-4A7B-BCBD-1DCE5BE0F6A6}.DebugNT|Win32.Build.0 = Debug|Win32
		{CDDD5987-0651-4A7B-BCBD-1DCE5BE0F6A6}.DebugNT|x64.ActiveCfg = Debug|x64
		{CDDD5987-0651-4A7B-BCBD-1DCE5BE0F6A6}.DebugNT|x64.Build.0 = Debug|x64
		{CDDD5987-0651-4A7B-BCBD-1DCE5BE0F6A6}.Release|Win32.ActiveCfg = Release|Win32
		{CDDD5987-0651-4A7B-BCBD-1DCE5BE0F6A6}.Release|Win32.Build.0 = Release|Win32
		{CDDD5987-0651-4A7B-BCBD-1DCE5BE0F6A6}.Release|x64.ActiveCfg = Release|x64
		{CDDD5987-0651-4A7B-BCBD-1DCE5BE0F6A6}.Release|x64.Build.0 = Release|x64
		{CDDD5987-0651-4A7B-BCBD-1DCE5BE0F6A6}.Release9x|Win32.ActiveCfg = Release|Win32
		{CDDD5987-0651-4A7B-BCBD-1DCE5BE0F6A6}.Release9x|Win32.Build.0 = Release|Win32
		{CDDD5987-0651-4A7B-BCBD-1DCE5BE0F6A6}.Release9x|x64.ActiveCfg = Release|x64
		{CDDD5987-0651-4A7B-BCBD-1DCE5BE0F6A6}.Release9x|x64.Build.0 = Release|x64
		{CDDD5987-0651-4A7B-BCBD-1DCE5BE0F6A6}.ReleaseNT|Win32.ActiveCfg = Release|Win32
		{CDDD5987-0651-4A7B-BCBD-1DCE5BE0F6A6}.ReleaseNT|Win32.Build.0 = Release|Win32
		{CDDD5987-0651-4A7B-BCBD-1DCE5BE0F6A6}.ReleaseNT|x64.ActiveCfg = Release|x64
		{CDDD5987-0651-4A7B-BCBD-1DCE5BE0F6A6}.ReleaseNT|x64.Build.0 = Release|x64
		{CDDD5987-0651-4A7B-BCBD-1DCE5BE0F6A6}.Template|Win32.ActiveCfg = Template|Win32
		{CDDD5987-0651-4A7B-BCBD-1DCE5BE0F6A6}.Template|Win32.Build.0 = Template|Win32
		{CDDD5987-0651-4A7B-BCBD-1DCE5BE0F6A6}.Template|x64.ActiveCfg = Template|x64
		{CDDD5987-0651-4A7B-BCBD-1DCE5BE0F6A6}.Template|x64.Build.0 = Template|x64
		{AA85B850-48A8-4C5B-870A-53D6966C513E}.Debug|Win32.ActiveCfg = Debug|Win32
		{AA85B850-48A8-4C5B-870A-53D6966C513E}.Debug|Win32.Build.0 = Debug|Win32
		{AA85B850-48A8-4C5B-870A-53D6966C513E}.Debug|x64.ActiveCfg = Debug|x64
		{AA85B850-48A8-4C5B-870A-53D6966C513E}.Debug|x64.Build.0 = Debug|x64
		{AA85B850-48A8-4C5B-870A-53D6966C513E}.Debug9x|Win32.ActiveCfg = Debug9x|Win32
		{AA85B850-48A8-4C5B-870A-53D6966C513E}.Debug9x|Win32.Build.0 = Debug9x|Win32
		{AA85B850-48A8-4C5B-870A-53D6966C513E}.Debug9x|x64.ActiveCfg = Debug9x|x64
		{AA85B850-48A8-4C5B-870A-53D6966C513E}.Debug9x|x64.Build.0 = Debug9x|x64
		{AA85B850-48A8-4C5B-870A-53D6966C513E}.DebugNT|Win32.ActiveCfg = Debug|Win32
		{AA85B850-48A8-4C5B-870A-53D6966C513E}.DebugNT|Win32.Build.0 = Debug|Win32
		{AA85B850-48A8-4C5B-870A-53D6966C513E}.DebugNT|x64.ActiveCfg = Debug|x64
		{AA85B850-48A8-4C5B-870A-53D6966C513E}.DebugNT|x64.Build.0 = Debug|x64
		{AA85B850-48A8-4C5B-870A-53D6966C513E}.Release|Win32.ActiveCfg = Release|Win32
		{AA85B850-48A8-4C5B-870A-53D6966C513E}.Release|Win32.Build.0 = Release|Win32
		{AA85B850-48A8-4C5B-870A-53D6966C513E}.Release|x64.ActiveCfg = Release|x64
		{AA85B850-48A8-4C5B-870A-53D6966C513E}.Release|x64.Build.0 = Release|x64
		{AA85B850-48A8-4C5B-870A-53D6966C513E}.Release9x|Win32.ActiveCfg = Release9x|Win32
		{AA85B850-48A8-4C5B-870A-53D6966C513E}.Release9x|Win32.Build.0 = Release9x|Win32
		{AA85B850-48A8-4C5B-870A-53D6966C513E}.Release9x|x64.ActiveCfg = Release9x|x64
		{AA85B850-48A8-4C5B-870A-53D6966C513E}.Release9x|x64.Build.0 = Release9x|x64
		{AA85B850-48A8-4C5B-870A-53D6966C513E}.ReleaseNT|Win32.ActiveCfg = Release9x|Win32
		{AA85B850-48A8-4C5B-870A-53D6966C513E}.ReleaseNT|Win32.Build.0 = Release9x|Win32
		{AA85B850-48A8-4C5B-870A-53D6966C513E}.ReleaseNT|x64.ActiveCfg = Release9x|x64
		{AA85B850-48A8-4C5B-870A-53D6966C513E}.ReleaseNT|x64.Build.0 = Release9x|x64
		{AA85B850-48A8-4C5B-870A-53D6966C513E}.Template|Win32.ActiveCfg = Template|Win32
		{AA85B850-48A8-4C5B-870A-53D6966C513E}.Template|Win32.Build.0 = Template|Win32
		{AA85B850-48A8-4C5B-870A-53D6966C513E}.Template|x64.ActiveCfg = Template|x64
		{AA85B850-48A8-4C5B-870A-53D6966C513E}.Template|x64.Build.0 = Template|x64
		{67D20520-5455-424F-9D92-EF2DC3CB8B24}.Debug|Win32.ActiveCfg = Debug|Win32
		{67D20520-5455-424F-9D92-EF2DC3CB8B24}.Debug|Win32.Build.0 = Debug|Win32
		{67D20520-5455-424F-9D92-EF2DC3CB8B24}.Debug|x64.ActiveCfg = Debug|x64
		{67D20520-5455-424F-9D92-EF2DC3CB8B24}.Debug|x64.Build.0 = Debug|x64
		{67D20520-5455-424F-9D92-EF2DC3CB8B24}.Debug9x|Win32.ActiveCfg = Debug|Win32
		{67D20520-5455-424F-9D92-EF2DC3CB8B24}.Debug9x|Win32.Build.0 = Debug|Win32
		{67D20520-5455-424F-9D92-EF2DC3CB8B24}.Debug9x|x64.ActiveCfg = Debug|x64
		{67D20520-5455-424F-9D92-EF2DC3CB8B24}.Debug9x|x64.Build.0 = Debug|x64
		{67D20520-5455-424F-9D92-EF2DC3CB8B24}.DebugNT|Win32.ActiveCfg = Debug|Win32
		{67D20520-5455-424F-9D92-EF2DC3CB8B24}.DebugNT|Win32.Build.0 = Debug|Win32
		{67D20520-5455-424F-9D92-EF2DC3CB8B24}.DebugNT|x64.ActiveCfg = Debug|x64
		{67D20520-5455-424F-9D92-EF2DC3CB8B24}.DebugNT|x64.Build.0 = Debug|x64
		{67D20520-5455-424F-9D92-EF2DC3CB8B24}.Release|Win32.ActiveCfg = Release|Win32
		{67D20520-5455-424F-9D92-EF2DC3CB8B24}.Release|Win32.Build.0 = Release|Win32
		{67D20520-5455-424F-9D92-EF2DC3CB8B24}.Release|x64.ActiveCfg = Release|x64
		{67D20520-5455-424F-9D92-EF2DC3CB8B24}.Release|x64.Build.0 = Release|x64
		{67D20520-5455-424F-9D92-EF2DC3CB8B24}.Release9x|Win32.ActiveCfg = Release|Win32
		{67D20520-5455-424F-9D92-EF2DC3CB8B24}.Release9x|Win32.Build.0 = Release|Win32
		{67D20520-5455-424F-9D92-EF2DC3CB8B24}.Release9x|x64.ActiveCfg = Release|x64
		{67D20520-5455-424F-9D92-EF2DC3CB8B24}.Release9x|x64.Build.0 = Release|x64
		{67D20520-5455-424F-9D92-EF2DC3CB8B24}.ReleaseNT|Win32.ActiveCfg = Release|Win32
		{67D20520-5455-424F-9D92-EF2DC3CB8B24}.ReleaseNT|Win32.Build.0 = Release|Win32
		{67D20520-5455-424F-9D92-EF2DC3CB8B24}.ReleaseNT|x64.ActiveCfg = Release|x64
		{67D20520-5455-424F-9D92-EF2DC3CB8B24}.ReleaseNT|x64.Build.0 = Release|x64
		{67D20520-5455-424F-9D92-EF2DC3CB8B24}.Template|Win32.ActiveCfg = Template|Win32
		{67D20520-5455-424F-9D92-EF2DC3CB8B24}.Template|Win32.Build.0 = Template|Win32
		{67D20520-5455-424F-9D92-EF2DC3CB8B24}.Template|x64.ActiveCfg = Template|x64
		{67D20520-5455-424F-9D92-EF2DC3CB8B24}.Template|x64.Build.0 = Template|x64
		{BC2AA38A-13B8-4108-9935-F01846E3CB27}.Debug|Win32.ActiveCfg = Debug|Win32
		{BC2AA38A-13B8-4108-9935-F01846E3CB27}.Debug|Win32.Build.0 = Debug|Win32
		{BC2AA38A-13B8-4108-9935-F01846E3CB27}.Debug|x64.ActiveCfg = Debug|x64
		{BC2AA38A-13B8-4108-9935-F01846E3CB27}.Debug|x64.Build.0 = Debug|x64
		{BC2AA38A-13B8-4108-9935-F01846E3CB27}.Debug9x|Win32.ActiveCfg = Debug|Win32
		{BC2AA38A-13B8-4108-9935-F01846E3CB27}.Debug9x|Win32.Build.0 = Debug|Win32
		{BC2AA38A-13B8-4108-9935-F01846E3CB27}.Debug9x|x64.ActiveCfg = Debug|x64
		{BC2AA38A-13B8-4108-9935-F01846E3CB27}.Debug9x|x64.Build.0 = Debug|x64
		{BC2AA38A-13B8-4108-9935-F01846E3CB27}.DebugNT|Win32.ActiveCfg = Debug|Win32
		{BC2AA38A-13B8-4108-9935-F01846E3CB27}.DebugNT|Win32.Build.0 = Debug|Win32
		{BC2AA38A-13B8-4108-9935-F01846E3CB27}.DebugNT|x64.ActiveCfg = Debug|x64
		{BC2AA38A-13B8-4108-9935-F01846E3CB27}.DebugNT|x64.Build.0 = Debug|x64
		{BC2AA38A-13B8-4108-9935-F01846E3CB27}.Release|Win32.ActiveCfg = Release|Win32
		{BC2AA38A-13B8-4108-9935-F01846E3CB27}.Release|Win32.Build.0 = Release|Win32
		{BC2AA38A-13B8-4108-9935-F01846E3CB27}.Release|x64.ActiveCfg = Release|x64
		{BC2AA38A-13B8-4108-9935-F01846E3CB27}.Release|x64.Build.0 = Release|x64
		{BC2AA38A-13B8-4108-9935-F01846E3CB27}.Release9x|Win32.ActiveCfg = Release|Win32
		{BC2AA38A-13B8-4108-9935-F01846E3CB27}.Release9x|Win32.Build.0 = Release|Win32
		{BC2AA38A-13B8-4108-9935-F01846E3CB27}.Release9x|x64.ActiveCfg = Release|x64
		{BC2AA38A-13B8-4108-9935-F01846E3CB27}.Release9x|x64.Build.0 = Release|x64
		{BC2AA38A-13B8-4108-9935-F01846E3CB27}.ReleaseNT|Win32.ActiveCfg = Release|Win32
		{BC2AA38A-13B8-4108-9935-F01846E3CB27}.ReleaseNT|Win32.Build.0 = Release|Win32
		{BC2AA38A-13B8-4108-9935-F01846E3CB27}.ReleaseNT|x64.ActiveCfg = Release|x64
		{BC2AA38A-13B8-4108-9935-F01846E3CB27}.ReleaseNT|x64.Build.0 = Release|x64
		{BC2AA38A-13B8-4108-9935-F01846E3CB27}.Template|Win32.ActiveCfg = Template|Win32
		{BC2AA38A-13B8-4108-9935-F01846E3CB27}.Template|Win32.Build.0 = Template|Win32
		{BC2AA38A-13B8-4108-9935-F01846E3CB27}.Template|x64.ActiveCfg = Template|x64
		{BC2AA38A-13B8-4108-9935-F01846E3CB27}.Template|x64.Build.0 = Template|x64
		{A7C06F34-3B76-470A-A85F-473070D4848B}.Debug|Win32.ActiveCfg = Debug|Win32
		{A7C06F34-3B76-470A-A85F-473070D4848B}.Debug|Win32.Build.0 = Debug|Win32
		{A7C06F34-3B76-470A-A85F-473070D4848B}.Debug|x64.ActiveCfg = Debug|x64
		{A7C06F34-3B76-470A-A85F-473070D4848B}.Debug|x64.Build.0 = Debug|x64
		{A7C06F34-3B76-470A-A85F-473070D4848B}.Debug9x|Win32.ActiveCfg = Debug9x|Win32
		{A7C06F34-3B76-470A-A85F-473070D4848B}.Debug9x|Win32.Build.0 = Debug9x|Win32
		{A7C06F34-3B76-470A-A85F-473070D4848B}.Debug9x|x64.ActiveCfg = Debug9x|x64
		{A7C06F34-3B76-470A-A85F-473070D4848B}.Debug9x|x64.Build.0 = Debug9x|x64
		{A7C06F34-3B76-470A-A85F-473070D4848B}.DebugNT|Win32.ActiveCfg = Debug|Win32
		{A7C06F34-3B76-470A-A85F-473070D4848B}.DebugNT|Win32.Build.0 = Debug|Win32
		{A7C06F34-3B76-470A-A85F-473070D4848B}.DebugNT|x64.ActiveCfg = Debug|x64
		{A7C06F34-3B76-470A-A85F-473070D4848B}.DebugNT|x64.Build.0 = Debug|x64
		{A7C06F34-3B76-470A-A85F-473070D4848B}.Release|Win32.ActiveCfg = Release|Win32
		{A7C06F34-3B76-470A-A85F-473070D4848B}.Release|Win32.Build.0 = Release|Win32
		{A7C06F34-3B76-470A-A85F-473070D4848B}.Release|x64.ActiveCfg = Release|x64
		{A7C06F34-3B76-470A-A85F-473070D4848B}.Release|x64.Build.0 = Release|x64
		{A7C06F34-3B76-470A-A85F-473070D4848B}.Release9x|Win32.ActiveCfg = Release9x|Win32
		{A7C06F34-3B76-470A-A85F-473070D4848B}.Release9x|Win32.Build.0 = Release9x|Win32
		{A7C06F34-3B76-470A-A85F-473070D4848B}.Release9x|x64.ActiveCfg = Release9x|x64
		{A7C06F34-3B76-470A-A85F-473070D4848B}.Release9x|x64.Build.0 = Release9x|x64
		{A7C06F34-3B76-470A-A85F-473070D4848B}.ReleaseNT|Win32.ActiveCfg = Release9x|Win32
		{A7C06F34-3B76-470A-A85F-473070D4848B}.ReleaseNT|Win32.Build.0 = Release9x|Win32
		{A7C06F34-3B76-470A-A85F-473070D4848B}.ReleaseNT|x64.ActiveCfg = Release9x|x64
		{A7C06F34-3B76-470A-A85F-473070D4848B}.ReleaseNT|x64.Build.0 = Release9x|x64
		{A7C06F34-3B76-470A-A85F-473070D4848B}.Template|Win32.ActiveCfg = Template|Win32
		{A7C06F34-3B76-470A-A85F-473070D4848B}.Template|Win32.Build.0 = Template|Win32
		{A7C06F34-3B76-470A-A85F-473070D4848B}.Template|x64.ActiveCfg = Template|x64
		{A7C06F34-3B76-470A-A85F-473070D4848B}.Template|x64.Build.0 = Template|x64
		{8EF240DD-404B-4CCC-8A3E-34B1B6AEFAE4}.Debug|Win32.ActiveCfg = Debug|Win32
		{8EF240DD-404B-4CCC-8A3E-34B1B6AEFAE4}.Debug|Win32.Build.0 = Debug|Win32
		{8EF240DD-404B-4CCC-8A3E-34B1B6AEFAE4}.Debug|x64.ActiveCfg = Debug|x64
		{8EF240DD-404B-4CCC-8A3E-34B1B6AEFAE4}.Debug|x64.Build.0 = Debug|x64
		{8EF240DD-404B-4CCC-8A3E-34B1B6AEFAE4}.Debug9x|Win32.ActiveCfg = Debug|Win32
		{8EF240DD-404B-4CCC-8A3E-34B1B6AEFAE4}.Debug9x|Win32.Build.0 = Debug|Win32
		{8EF240DD-404B-4CCC-8A3E-34B1B6AEFAE4}.Debug9x|x64.ActiveCfg = Debug|x64
		{8EF240DD-404B-4CCC-8A3E-34B1B6AEFAE4}.Debug9x|x64.Build.0 = Debug|x64
		{8EF240DD-404B-4CCC-8A3E-34B1B6AEFAE4}.DebugNT|Win32.ActiveCfg = Debug|Win32
		{8EF240DD-404B-4CCC-8A3E-34B1B6AEFAE4}.DebugNT|Win32.Build.0 = Debug|Win32
		{8EF240DD-404B-4CCC-8A3E-34B1B6AEFAE4}.DebugNT|x64.ActiveCfg = Debug|x64
		{8EF240DD-404B-4CCC-8A3E-34B1B6AEFAE4}.DebugNT|x64.Build.0 = Debug|x64
		{8EF240DD-404B-4CCC-8A3E-34B1B6AEFAE4}.Release|Win32.ActiveCfg = Release|Win32
		{8EF240DD-404B-4CCC-8A3E-34B1B6AEFAE4}.Release|Win32.Build.0 = Release|Win32
		{8EF240DD-404B-4CCC-8A3E-34B1B6AEFAE4}.Release|x64.ActiveCfg = Release|x64
		{8EF240DD-404B-4CCC-8A3E-34B1B6AEFAE4}.Release|x64.Build.0 = Release|x64
		{8EF240DD-404B-4CCC-8A3E-34B1B6AEFAE4}.Release9x|Win32.ActiveCfg = Release|Win32
		{8EF240DD-404B-4CCC-8A3E-34B1B6AEFAE4}.Release9x|Win32.Build.0 = Release|Win32
		{8EF240DD-404B-4CCC-8A3E-34B1B6AEFAE4}.Release9x|x64.ActiveCfg = Release|x64
		{8EF240DD-404B-4CCC-8A3E-34B1B6AEFAE4}.Release9x|x64.Build.0 = Release|x64
		{8EF240DD-404B-4CCC-8A3E-34B1B6AEFAE4}.ReleaseNT|Win32.ActiveCfg = Release|Win32
		{8EF240DD-404B-4CCC-8A3E-34B1B6AEFAE4}.ReleaseNT|Win32.Build.0 = Release|Win32
		{8EF240DD-404B-4CCC-8A3E-34B1B6AEFAE4}.ReleaseNT|x64.ActiveCfg = Release|x64
		{8EF240DD-404B-4CCC-8A3E-34B1B6AEFAE4}.ReleaseNT|x64.Build.0 = Release|x64
		{8EF240DD-404B-4CCC-8A3E-34B1B6AEFAE4}.Template|Win32.ActiveCfg = Template|Win32
		{8EF240DD-404B-4CCC-8A3E-34B1B6AEFAE4}.Template|Win32.Build.0 = Template|Win32
		{8EF240DD-404B-4CCC-8A3E-34B1B6AEFAE4}.Template|x64.ActiveCfg = Template|x64
		{8EF240DD-404B-4CCC-8A3E-34B1B6AEFAE4}.Template|x64.Build.0 = Template|x64
	EndGlobalSection
	GlobalSection(SolutionProperties) = preSolution
		HideSolutionNode = FALSE
	EndGlobalSection
EndGlobal
